// !$*UTF8*$!
{
	archiveVersion = 1;
	classes = {
	};
	objectVersion = 46;
	objects = {

/* Begin PBXBuildFile section */
		8CC323B61D996E6800CF1557 /* MockListInteractorInput.swift in Sources */ = {isa = PBXBuildFile; fileRef = C8DF78A31D4905130070D75A /* MockListInteractorInput.swift */; };
		8CC323B71D996FC400CF1557 /* MockEditorInteractorInput.swift in Sources */ = {isa = PBXBuildFile; fileRef = C8DF78A01D4905130070D75A /* MockEditorInteractorInput.swift */; };
		8CC323BB1D99779300CF1557 /* MockNoteGateway.swift in Sources */ = {isa = PBXBuildFile; fileRef = C8DF78A61D4905130070D75A /* MockNoteGateway.swift */; };
		C822151D1D8080BD00AB5A68 /* RandomErrorGeneratorTests.swift in Sources */ = {isa = PBXBuildFile; fileRef = C822151C1D8080BD00AB5A68 /* RandomErrorGeneratorTests.swift */; };
		C822151F1D81CE5600AB5A68 /* StubRandomNumberGenerator.swift in Sources */ = {isa = PBXBuildFile; fileRef = C822151E1D81CE5600AB5A68 /* StubRandomNumberGenerator.swift */; };
		C82215211D81CF4B00AB5A68 /* UniformRandomNumberGenerator.swift in Sources */ = {isa = PBXBuildFile; fileRef = C82215201D81CF4B00AB5A68 /* UniformRandomNumberGenerator.swift */; };
		C82687D91D7468900071D2A6 /* RetryableError.swift in Sources */ = {isa = PBXBuildFile; fileRef = C82687D81D7468900071D2A6 /* RetryableError.swift */; };
		C83266941D8605930009F4F5 /* RetryableErrorTests.swift in Sources */ = {isa = PBXBuildFile; fileRef = C83266931D8605930009F4F5 /* RetryableErrorTests.swift */; };
		C832AD8A1D85E9F9002085C3 /* EditorInteractorTests.swift in Sources */ = {isa = PBXBuildFile; fileRef = C8DF789B1D4905130070D75A /* EditorInteractorTests.swift */; };
		C832AD8B1D85EA10002085C3 /* MockEditorInteractorOutput.swift in Sources */ = {isa = PBXBuildFile; fileRef = C8DF78A11D4905130070D75A /* MockEditorInteractorOutput.swift */; };
		C83BAD281D48E9A200180193 /* CleanNoteCore.framework in Frameworks */ = {isa = PBXBuildFile; fileRef = C83BAD1E1D48E9A200180193 /* CleanNoteCore.framework */; };
		C83BAD2F1D48E9A200180193 /* CleanNoteCore.h in Headers */ = {isa = PBXBuildFile; fileRef = C83BAD211D48E9A200180193 /* CleanNoteCore.h */; settings = {ATTRIBUTES = (Public, ); }; };
		C84B242B1D79E6E40041BD0E /* RandomlyFailingNoteGatewayDecoratorTests.swift in Sources */ = {isa = PBXBuildFile; fileRef = C84B242A1D79E6E40041BD0E /* RandomlyFailingNoteGatewayDecoratorTests.swift */; };
		C88E03471D730E21000859D0 /* RandomlyFailingNoteGatewayDecorator.swift in Sources */ = {isa = PBXBuildFile; fileRef = C88E03461D730E21000859D0 /* RandomlyFailingNoteGatewayDecorator.swift */; };
		C89356921D5A10DB001752A5 /* List.swift in Sources */ = {isa = PBXBuildFile; fileRef = C89356911D5A10DB001752A5 /* List.swift */; };
		C8AC072F1D781E52008DA49A /* ListTests.swift in Sources */ = {isa = PBXBuildFile; fileRef = C8AC072E1D781E52008DA49A /* ListTests.swift */; };
		C8AC07301D796DC8008DA49A /* InMemoryNoteGatewayTests.swift in Sources */ = {isa = PBXBuildFile; fileRef = C8DF789D1D4905130070D75A /* InMemoryNoteGatewayTests.swift */; };
		C8DC55051D7AF25A002CC948 /* RandomErrorGenerator.swift in Sources */ = {isa = PBXBuildFile; fileRef = C8DC55041D7AF25A002CC948 /* RandomErrorGenerator.swift */; };
		C8DC55081D7AF941002CC948 /* StubErrorGenerator.swift in Sources */ = {isa = PBXBuildFile; fileRef = C8DC55061D7AF439002CC948 /* StubErrorGenerator.swift */; };
		C8DF78931D4904DA0070D75A /* EditorInteractor.swift in Sources */ = {isa = PBXBuildFile; fileRef = C8DF788C1D4904DA0070D75A /* EditorInteractor.swift */; };
		C8DF78941D4904DA0070D75A /* EditorPresenter.swift in Sources */ = {isa = PBXBuildFile; fileRef = C8DF788D1D4904DA0070D75A /* EditorPresenter.swift */; };
		C8DF78951D4904DA0070D75A /* InMemoryNoteGateway.swift in Sources */ = {isa = PBXBuildFile; fileRef = C8DF788E1D4904DA0070D75A /* InMemoryNoteGateway.swift */; };
		C8DF78961D4904DA0070D75A /* ListInteractor.swift in Sources */ = {isa = PBXBuildFile; fileRef = C8DF788F1D4904DA0070D75A /* ListInteractor.swift */; };
		C8DF78971D4904DA0070D75A /* ListPresenter.swift in Sources */ = {isa = PBXBuildFile; fileRef = C8DF78901D4904DA0070D75A /* ListPresenter.swift */; };
		C8DF78981D4904DA0070D75A /* Note.swift in Sources */ = {isa = PBXBuildFile; fileRef = C8DF78911D4904DA0070D75A /* Note.swift */; };
		C8DF78991D4904DA0070D75A /* NoteGateway.swift in Sources */ = {isa = PBXBuildFile; fileRef = C8DF78921D4904DA0070D75A /* NoteGateway.swift */; };
		C8DF78B41D4905130070D75A /* NoteTests.swift in Sources */ = {isa = PBXBuildFile; fileRef = C8DF78A71D4905130070D75A /* NoteTests.swift */; };
		C8F8BC011D857E0200465509 /* ListInteractorTests.swift in Sources */ = {isa = PBXBuildFile; fileRef = C8DF789E1D4905130070D75A /* ListInteractorTests.swift */; };
		C8F8BC021D857E1F00465509 /* MockListInteractorOutput.swift in Sources */ = {isa = PBXBuildFile; fileRef = C8DF78A41D4905130070D75A /* MockListInteractorOutput.swift */; };
		C8F8BC031D85DF7B00465509 /* ListPresenterTests.swift in Sources */ = {isa = PBXBuildFile; fileRef = C8DF789F1D4905130070D75A /* ListPresenterTests.swift */; };
		C8F8BC041D85DF8F00465509 /* MockListInterface.swift in Sources */ = {isa = PBXBuildFile; fileRef = C8DF78A51D4905130070D75A /* MockListInterface.swift */; };
		C8F8BC051D85E69A00465509 /* EditorPresenterTests.swift in Sources */ = {isa = PBXBuildFile; fileRef = C8DF789C1D4905130070D75A /* EditorPresenterTests.swift */; };
		C8F8BC061D85E6AB00465509 /* MockEditorInterface.swift in Sources */ = {isa = PBXBuildFile; fileRef = C8DF78A21D4905130070D75A /* MockEditorInterface.swift */; };
/* End PBXBuildFile section */

/* Begin PBXContainerItemProxy section */
		C83BAD291D48E9A200180193 /* PBXContainerItemProxy */ = {
			isa = PBXContainerItemProxy;
			containerPortal = C83BAD151D48E9A200180193 /* Project object */;
			proxyType = 1;
			remoteGlobalIDString = C83BAD1D1D48E9A200180193;
			remoteInfo = CleanNoteCore;
		};
/* End PBXContainerItemProxy section */

/* Begin PBXFileReference section */
		C822151C1D8080BD00AB5A68 /* RandomErrorGeneratorTests.swift */ = {isa = PBXFileReference; fileEncoding = 4; lastKnownFileType = sourcecode.swift; path = RandomErrorGeneratorTests.swift; sourceTree = "<group>"; };
		C822151E1D81CE5600AB5A68 /* StubRandomNumberGenerator.swift */ = {isa = PBXFileReference; fileEncoding = 4; lastKnownFileType = sourcecode.swift; path = StubRandomNumberGenerator.swift; sourceTree = "<group>"; };
		C82215201D81CF4B00AB5A68 /* UniformRandomNumberGenerator.swift */ = {isa = PBXFileReference; fileEncoding = 4; lastKnownFileType = sourcecode.swift; path = UniformRandomNumberGenerator.swift; sourceTree = "<group>"; };
		C82687D81D7468900071D2A6 /* RetryableError.swift */ = {isa = PBXFileReference; fileEncoding = 4; lastKnownFileType = sourcecode.swift; name = RetryableError.swift; path = CleanNoteCore/Code/RetryableError.swift; sourceTree = "<group>"; };
		C83266931D8605930009F4F5 /* RetryableErrorTests.swift */ = {isa = PBXFileReference; fileEncoding = 4; lastKnownFileType = sourcecode.swift; name = RetryableErrorTests.swift; path = CleanNoteCoreTests/Code/RetryableErrorTests.swift; sourceTree = "<group>"; };
		C83BAD1E1D48E9A200180193 /* CleanNoteCore.framework */ = {isa = PBXFileReference; explicitFileType = wrapper.framework; includeInIndex = 0; path = CleanNoteCore.framework; sourceTree = BUILT_PRODUCTS_DIR; };
		C83BAD211D48E9A200180193 /* CleanNoteCore.h */ = {isa = PBXFileReference; lastKnownFileType = sourcecode.c.h; path = CleanNoteCore.h; sourceTree = "<group>"; };
		C83BAD221D48E9A200180193 /* Info.plist */ = {isa = PBXFileReference; lastKnownFileType = text.plist.xml; path = Info.plist; sourceTree = "<group>"; };
		C83BAD271D48E9A200180193 /* CleanNoteCoreTests.xctest */ = {isa = PBXFileReference; explicitFileType = wrapper.cfbundle; includeInIndex = 0; path = CleanNoteCoreTests.xctest; sourceTree = BUILT_PRODUCTS_DIR; };
		C83BAD2E1D48E9A200180193 /* Info.plist */ = {isa = PBXFileReference; lastKnownFileType = text.plist.xml; name = Info.plist; path = CleanNoteCoreTests/Info.plist; sourceTree = SOURCE_ROOT; };
		C84B242A1D79E6E40041BD0E /* RandomlyFailingNoteGatewayDecoratorTests.swift */ = {isa = PBXFileReference; fileEncoding = 4; lastKnownFileType = sourcecode.swift; name = RandomlyFailingNoteGatewayDecoratorTests.swift; path = CleanNoteCoreTests/Code/RandomlyFailingNoteGatewayDecoratorTests.swift; sourceTree = SOURCE_ROOT; };
		C88E03461D730E21000859D0 /* RandomlyFailingNoteGatewayDecorator.swift */ = {isa = PBXFileReference; fileEncoding = 4; lastKnownFileType = sourcecode.swift; path = RandomlyFailingNoteGatewayDecorator.swift; sourceTree = "<group>"; };
		C89356911D5A10DB001752A5 /* List.swift */ = {isa = PBXFileReference; fileEncoding = 4; lastKnownFileType = sourcecode.swift; path = List.swift; sourceTree = "<group>"; };
		C8AC072E1D781E52008DA49A /* ListTests.swift */ = {isa = PBXFileReference; fileEncoding = 4; lastKnownFileType = sourcecode.swift; name = ListTests.swift; path = CleanNoteCoreTests/Code/ListTests.swift; sourceTree = SOURCE_ROOT; };
		C8DC55041D7AF25A002CC948 /* RandomErrorGenerator.swift */ = {isa = PBXFileReference; fileEncoding = 4; lastKnownFileType = sourcecode.swift; path = RandomErrorGenerator.swift; sourceTree = "<group>"; };
		C8DC55061D7AF439002CC948 /* StubErrorGenerator.swift */ = {isa = PBXFileReference; fileEncoding = 4; lastKnownFileType = sourcecode.swift; name = StubErrorGenerator.swift; path = CleanNoteCoreTests/Code/StubErrorGenerator.swift; sourceTree = SOURCE_ROOT; };
		C8DF788C1D4904DA0070D75A /* EditorInteractor.swift */ = {isa = PBXFileReference; fileEncoding = 4; lastKnownFileType = sourcecode.swift; path = EditorInteractor.swift; sourceTree = "<group>"; };
		C8DF788D1D4904DA0070D75A /* EditorPresenter.swift */ = {isa = PBXFileReference; fileEncoding = 4; lastKnownFileType = sourcecode.swift; path = EditorPresenter.swift; sourceTree = "<group>"; };
		C8DF788E1D4904DA0070D75A /* InMemoryNoteGateway.swift */ = {isa = PBXFileReference; fileEncoding = 4; lastKnownFileType = sourcecode.swift; path = InMemoryNoteGateway.swift; sourceTree = "<group>"; };
		C8DF788F1D4904DA0070D75A /* ListInteractor.swift */ = {isa = PBXFileReference; fileEncoding = 4; lastKnownFileType = sourcecode.swift; path = ListInteractor.swift; sourceTree = "<group>"; };
		C8DF78901D4904DA0070D75A /* ListPresenter.swift */ = {isa = PBXFileReference; fileEncoding = 4; lastKnownFileType = sourcecode.swift; path = ListPresenter.swift; sourceTree = "<group>"; };
		C8DF78911D4904DA0070D75A /* Note.swift */ = {isa = PBXFileReference; fileEncoding = 4; lastKnownFileType = sourcecode.swift; path = Note.swift; sourceTree = "<group>"; };
		C8DF78921D4904DA0070D75A /* NoteGateway.swift */ = {isa = PBXFileReference; fileEncoding = 4; lastKnownFileType = sourcecode.swift; path = NoteGateway.swift; sourceTree = "<group>"; };
		C8DF789B1D4905130070D75A /* EditorInteractorTests.swift */ = {isa = PBXFileReference; fileEncoding = 4; lastKnownFileType = sourcecode.swift; name = EditorInteractorTests.swift; path = ../../CleanNoteCoreTests/Code/EditorInteractorTests.swift; sourceTree = "<group>"; };
		C8DF789C1D4905130070D75A /* EditorPresenterTests.swift */ = {isa = PBXFileReference; fileEncoding = 4; lastKnownFileType = sourcecode.swift; name = EditorPresenterTests.swift; path = ../../CleanNoteCoreTests/Code/EditorPresenterTests.swift; sourceTree = "<group>"; };
		C8DF789D1D4905130070D75A /* InMemoryNoteGatewayTests.swift */ = {isa = PBXFileReference; fileEncoding = 4; lastKnownFileType = sourcecode.swift; name = InMemoryNoteGatewayTests.swift; path = ../../CleanNoteCoreTests/Code/InMemoryNoteGatewayTests.swift; sourceTree = "<group>"; };
		C8DF789E1D4905130070D75A /* ListInteractorTests.swift */ = {isa = PBXFileReference; fileEncoding = 4; lastKnownFileType = sourcecode.swift; name = ListInteractorTests.swift; path = ../../CleanNoteCoreTests/Code/ListInteractorTests.swift; sourceTree = "<group>"; };
		C8DF789F1D4905130070D75A /* ListPresenterTests.swift */ = {isa = PBXFileReference; fileEncoding = 4; lastKnownFileType = sourcecode.swift; name = ListPresenterTests.swift; path = ../../CleanNoteCoreTests/Code/ListPresenterTests.swift; sourceTree = "<group>"; };
		C8DF78A01D4905130070D75A /* MockEditorInteractorInput.swift */ = {isa = PBXFileReference; fileEncoding = 4; lastKnownFileType = sourcecode.swift; name = MockEditorInteractorInput.swift; path = ../../CleanNoteCoreTests/Code/MockEditorInteractorInput.swift; sourceTree = "<group>"; };
		C8DF78A11D4905130070D75A /* MockEditorInteractorOutput.swift */ = {isa = PBXFileReference; fileEncoding = 4; lastKnownFileType = sourcecode.swift; name = MockEditorInteractorOutput.swift; path = ../../CleanNoteCoreTests/Code/MockEditorInteractorOutput.swift; sourceTree = "<group>"; };
		C8DF78A21D4905130070D75A /* MockEditorInterface.swift */ = {isa = PBXFileReference; fileEncoding = 4; lastKnownFileType = sourcecode.swift; name = MockEditorInterface.swift; path = ../../CleanNoteCoreTests/Code/MockEditorInterface.swift; sourceTree = "<group>"; };
		C8DF78A31D4905130070D75A /* MockListInteractorInput.swift */ = {isa = PBXFileReference; fileEncoding = 4; lastKnownFileType = sourcecode.swift; name = MockListInteractorInput.swift; path = ../../CleanNoteCoreTests/Code/MockListInteractorInput.swift; sourceTree = "<group>"; };
		C8DF78A41D4905130070D75A /* MockListInteractorOutput.swift */ = {isa = PBXFileReference; fileEncoding = 4; lastKnownFileType = sourcecode.swift; name = MockListInteractorOutput.swift; path = ../../CleanNoteCoreTests/Code/MockListInteractorOutput.swift; sourceTree = "<group>"; };
		C8DF78A51D4905130070D75A /* MockListInterface.swift */ = {isa = PBXFileReference; fileEncoding = 4; lastKnownFileType = sourcecode.swift; name = MockListInterface.swift; path = ../../CleanNoteCoreTests/Code/MockListInterface.swift; sourceTree = "<group>"; };
		C8DF78A61D4905130070D75A /* MockNoteGateway.swift */ = {isa = PBXFileReference; fileEncoding = 4; lastKnownFileType = sourcecode.swift; name = MockNoteGateway.swift; path = ../../CleanNoteCoreTests/Code/MockNoteGateway.swift; sourceTree = "<group>"; };
		C8DF78A71D4905130070D75A /* NoteTests.swift */ = {isa = PBXFileReference; fileEncoding = 4; lastKnownFileType = sourcecode.swift; name = NoteTests.swift; path = ../../CleanNoteCoreTests/Code/NoteTests.swift; sourceTree = "<group>"; };
/* End PBXFileReference section */

/* Begin PBXFrameworksBuildPhase section */
		C83BAD1A1D48E9A200180193 /* Frameworks */ = {
			isa = PBXFrameworksBuildPhase;
			buildActionMask = 2147483647;
			files = (
			);
			runOnlyForDeploymentPostprocessing = 0;
		};
		C83BAD241D48E9A200180193 /* Frameworks */ = {
			isa = PBXFrameworksBuildPhase;
			buildActionMask = 2147483647;
			files = (
				C83BAD281D48E9A200180193 /* CleanNoteCore.framework in Frameworks */,
			);
			runOnlyForDeploymentPostprocessing = 0;
		};
/* End PBXFrameworksBuildPhase section */

/* Begin PBXGroup section */
		C82215221D81D15300AB5A68 /* Tests */ = {
			isa = PBXGroup;
			children = (
				C8DF78A71D4905130070D75A /* NoteTests.swift */,
				C8AC072E1D781E52008DA49A /* ListTests.swift */,
			);
			name = Tests;
			sourceTree = "<group>";
		};
		C82215231D81D16500AB5A68 /* Tests */ = {
			isa = PBXGroup;
			children = (
				C8DF78A61D4905130070D75A /* MockNoteGateway.swift */,
				C8DC55061D7AF439002CC948 /* StubErrorGenerator.swift */,
				C822151E1D81CE5600AB5A68 /* StubRandomNumberGenerator.swift */,
				C8DF789D1D4905130070D75A /* InMemoryNoteGatewayTests.swift */,
				C84B242A1D79E6E40041BD0E /* RandomlyFailingNoteGatewayDecoratorTests.swift */,
				C822151C1D8080BD00AB5A68 /* RandomErrorGeneratorTests.swift */,
			);
			name = Tests;
			sourceTree = "<group>";
		};
		C82E0EC21D6915E800066F55 /* Common */ = {
			isa = PBXGroup;
			children = (
				C82687D81D7468900071D2A6 /* RetryableError.swift */,
				C83266951D8605990009F4F5 /* Tests */,
			);
			name = Common;
			sourceTree = "<group>";
		};
		C83266951D8605990009F4F5 /* Tests */ = {
			isa = PBXGroup;
			children = (
				C83266931D8605930009F4F5 /* RetryableErrorTests.swift */,
			);
			name = Tests;
			sourceTree = "<group>";
		};
		C83BAD141D48E9A200180193 = {
			isa = PBXGroup;
			children = (
				C8DF78DF1D4909EA0070D75A /* Boilerplate */,
				C8DF78D21D4908D30070D75A /* Entities */,
				C8DF78D11D4908CC0070D75A /* Gateways */,
				C8DF78D31D4908DB0070D75A /* Modules */,
				C82E0EC21D6915E800066F55 /* Common */,
				C83BAD1F1D48E9A200180193 /* Products */,
			);
			sourceTree = "<group>";
		};
		C83BAD1F1D48E9A200180193 /* Products */ = {
			isa = PBXGroup;
			children = (
				C83BAD1E1D48E9A200180193 /* CleanNoteCore.framework */,
				C83BAD271D48E9A200180193 /* CleanNoteCoreTests.xctest */,
			);
			name = Products;
			sourceTree = "<group>";
		};
		C8DF78CF1D4908BD0070D75A /* Editor */ = {
			isa = PBXGroup;
			children = (
				C8DF788C1D4904DA0070D75A /* EditorInteractor.swift */,
				C8DF788D1D4904DA0070D75A /* EditorPresenter.swift */,
				C8F8BC001D857D9B00465509 /* Tests */,
			);
			name = Editor;
			sourceTree = "<group>";
		};
		C8DF78D01D4908C40070D75A /* List */ = {
			isa = PBXGroup;
			children = (
				C8DF788F1D4904DA0070D75A /* ListInteractor.swift */,
				C8DF78901D4904DA0070D75A /* ListPresenter.swift */,
				C8F8BBFF1D857D8C00465509 /* Tests */,
			);
			name = List;
			sourceTree = "<group>";
		};
		C8DF78D11D4908CC0070D75A /* Gateways */ = {
			isa = PBXGroup;
			children = (
				C8DF78921D4904DA0070D75A /* NoteGateway.swift */,
				C8DF788E1D4904DA0070D75A /* InMemoryNoteGateway.swift */,
				C88E03461D730E21000859D0 /* RandomlyFailingNoteGatewayDecorator.swift */,
				C8DC55041D7AF25A002CC948 /* RandomErrorGenerator.swift */,
				C82215201D81CF4B00AB5A68 /* UniformRandomNumberGenerator.swift */,
				C82215231D81D16500AB5A68 /* Tests */,
			);
			name = Gateways;
			path = CleanNoteCore/Code;
			sourceTree = "<group>";
		};
		C8DF78D21D4908D30070D75A /* Entities */ = {
			isa = PBXGroup;
			children = (
				C8DF78911D4904DA0070D75A /* Note.swift */,
				C89356911D5A10DB001752A5 /* List.swift */,
				C82215221D81D15300AB5A68 /* Tests */,
			);
			name = Entities;
			path = CleanNoteCore/Code;
			sourceTree = "<group>";
		};
		C8DF78D31D4908DB0070D75A /* Modules */ = {
			isa = PBXGroup;
			children = (
				C8DF78D01D4908C40070D75A /* List */,
				C8DF78CF1D4908BD0070D75A /* Editor */,
			);
			name = Modules;
			path = CleanNoteCore/Code;
			sourceTree = "<group>";
		};
		C8DF78DF1D4909EA0070D75A /* Boilerplate */ = {
			isa = PBXGroup;
			children = (
				C83BAD211D48E9A200180193 /* CleanNoteCore.h */,
				C83BAD221D48E9A200180193 /* Info.plist */,
				C83BAD2E1D48E9A200180193 /* Info.plist */,
			);
			name = Boilerplate;
			path = CleanNoteCore;
			sourceTree = "<group>";
		};
		C8F8BBFF1D857D8C00465509 /* Tests */ = {
			isa = PBXGroup;
			children = (
				C8DF78A31D4905130070D75A /* MockListInteractorInput.swift */,
				C8DF78A41D4905130070D75A /* MockListInteractorOutput.swift */,
				C8DF78A51D4905130070D75A /* MockListInterface.swift */,
				C8DF789E1D4905130070D75A /* ListInteractorTests.swift */,
				C8DF789F1D4905130070D75A /* ListPresenterTests.swift */,
			);
			name = Tests;
			sourceTree = "<group>";
		};
		C8F8BC001D857D9B00465509 /* Tests */ = {
			isa = PBXGroup;
			children = (
				C8DF78A01D4905130070D75A /* MockEditorInteractorInput.swift */,
				C8DF78A11D4905130070D75A /* MockEditorInteractorOutput.swift */,
				C8DF78A21D4905130070D75A /* MockEditorInterface.swift */,
				C8DF789B1D4905130070D75A /* EditorInteractorTests.swift */,
				C8DF789C1D4905130070D75A /* EditorPresenterTests.swift */,
			);
			name = Tests;
			sourceTree = "<group>";
		};
/* End PBXGroup section */

/* Begin PBXHeadersBuildPhase section */
		C83BAD1B1D48E9A200180193 /* Headers */ = {
			isa = PBXHeadersBuildPhase;
			buildActionMask = 2147483647;
			files = (
				C83BAD2F1D48E9A200180193 /* CleanNoteCore.h in Headers */,
			);
			runOnlyForDeploymentPostprocessing = 0;
		};
/* End PBXHeadersBuildPhase section */

/* Begin PBXNativeTarget section */
		C83BAD1D1D48E9A200180193 /* CleanNoteCore */ = {
			isa = PBXNativeTarget;
			buildConfigurationList = C83BAD321D48E9A200180193 /* Build configuration list for PBXNativeTarget "CleanNoteCore" */;
			buildPhases = (
				C83BAD191D48E9A200180193 /* Sources */,
				C83BAD1A1D48E9A200180193 /* Frameworks */,
				C83BAD1B1D48E9A200180193 /* Headers */,
				C83BAD1C1D48E9A200180193 /* Resources */,
			);
			buildRules = (
			);
			dependencies = (
			);
			name = CleanNoteCore;
			productName = CleanNoteCore;
			productReference = C83BAD1E1D48E9A200180193 /* CleanNoteCore.framework */;
			productType = "com.apple.product-type.framework";
		};
		C83BAD261D48E9A200180193 /* CleanNoteCoreTests */ = {
			isa = PBXNativeTarget;
			buildConfigurationList = C83BAD351D48E9A200180193 /* Build configuration list for PBXNativeTarget "CleanNoteCoreTests" */;
			buildPhases = (
				C83BAD231D48E9A200180193 /* Sources */,
				C83BAD241D48E9A200180193 /* Frameworks */,
				C83BAD251D48E9A200180193 /* Resources */,
			);
			buildRules = (
			);
			dependencies = (
				C83BAD2A1D48E9A200180193 /* PBXTargetDependency */,
			);
			name = CleanNoteCoreTests;
			productName = CleanNoteCoreTests;
			productReference = C83BAD271D48E9A200180193 /* CleanNoteCoreTests.xctest */;
			productType = "com.apple.product-type.bundle.unit-test";
		};
/* End PBXNativeTarget section */

/* Begin PBXProject section */
		C83BAD151D48E9A200180193 /* Project object */ = {
			isa = PBXProject;
			attributes = {
				LastSwiftUpdateCheck = 0800;
				LastUpgradeCheck = 0800;
				ORGANIZATIONNAME = cutting.io;
				TargetAttributes = {
					C83BAD1D1D48E9A200180193 = {
						CreatedOnToolsVersion = 8.0;
						DevelopmentTeamName = "Dan Cutting (Personal Team)";
						LastSwiftMigration = 0800;
						ProvisioningStyle = Automatic;
					};
					C83BAD261D48E9A200180193 = {
						CreatedOnToolsVersion = 8.0;
						DevelopmentTeam = 59GEB226V7;
						DevelopmentTeamName = "Dan Cutting (Personal Team)";
						LastSwiftMigration = 0800;
						ProvisioningStyle = Automatic;
					};
				};
			};
			buildConfigurationList = C83BAD181D48E9A200180193 /* Build configuration list for PBXProject "CleanNoteCore" */;
			compatibilityVersion = "Xcode 3.2";
			developmentRegion = English;
			hasScannedForEncodings = 0;
			knownRegions = (
				en,
			);
			mainGroup = C83BAD141D48E9A200180193;
			productRefGroup = C83BAD1F1D48E9A200180193 /* Products */;
			projectDirPath = "";
			projectRoot = "";
			targets = (
				C83BAD1D1D48E9A200180193 /* CleanNoteCore */,
				C83BAD261D48E9A200180193 /* CleanNoteCoreTests */,
			);
		};
/* End PBXProject section */

/* Begin PBXResourcesBuildPhase section */
		C83BAD1C1D48E9A200180193 /* Resources */ = {
			isa = PBXResourcesBuildPhase;
			buildActionMask = 2147483647;
			files = (
			);
			runOnlyForDeploymentPostprocessing = 0;
		};
		C83BAD251D48E9A200180193 /* Resources */ = {
			isa = PBXResourcesBuildPhase;
			buildActionMask = 2147483647;
			files = (
			);
			runOnlyForDeploymentPostprocessing = 0;
		};
/* End PBXResourcesBuildPhase section */

/* Begin PBXSourcesBuildPhase section */
		C83BAD191D48E9A200180193 /* Sources */ = {
			isa = PBXSourcesBuildPhase;
			buildActionMask = 2147483647;
			files = (
				C8DF78971D4904DA0070D75A /* ListPresenter.swift in Sources */,
				8CC323B61D996E6800CF1557 /* MockListInteractorInput.swift in Sources */,
				C89356921D5A10DB001752A5 /* List.swift in Sources */,
				C8DF78931D4904DA0070D75A /* EditorInteractor.swift in Sources */,
				C8DF78951D4904DA0070D75A /* InMemoryNoteGateway.swift in Sources */,
				C88E03471D730E21000859D0 /* RandomlyFailingNoteGatewayDecorator.swift in Sources */,
				8CC323BB1D99779300CF1557 /* MockNoteGateway.swift in Sources */,
				C8DF78961D4904DA0070D75A /* ListInteractor.swift in Sources */,
				C82215211D81CF4B00AB5A68 /* UniformRandomNumberGenerator.swift in Sources */,
				C8DF78941D4904DA0070D75A /* EditorPresenter.swift in Sources */,
				C82687D91D7468900071D2A6 /* RetryableError.swift in Sources */,
				8CC323B71D996FC400CF1557 /* MockEditorInteractorInput.swift in Sources */,
				C8DF78991D4904DA0070D75A /* NoteGateway.swift in Sources */,
				C8DF78981D4904DA0070D75A /* Note.swift in Sources */,
				C8DC55051D7AF25A002CC948 /* RandomErrorGenerator.swift in Sources */,
			);
			runOnlyForDeploymentPostprocessing = 0;
		};
		C83BAD231D48E9A200180193 /* Sources */ = {
			isa = PBXSourcesBuildPhase;
			buildActionMask = 2147483647;
			files = (
				C832AD8B1D85EA10002085C3 /* MockEditorInteractorOutput.swift in Sources */,
				C822151F1D81CE5600AB5A68 /* StubRandomNumberGenerator.swift in Sources */,
				C822151D1D8080BD00AB5A68 /* RandomErrorGeneratorTests.swift in Sources */,
				C8F8BC021D857E1F00465509 /* MockListInteractorOutput.swift in Sources */,
				C8F8BC061D85E6AB00465509 /* MockEditorInterface.swift in Sources */,
				C8AC07301D796DC8008DA49A /* InMemoryNoteGatewayTests.swift in Sources */,
				C83266941D8605930009F4F5 /* RetryableErrorTests.swift in Sources */,
				C8F8BC041D85DF8F00465509 /* MockListInterface.swift in Sources */,
				C8F8BC031D85DF7B00465509 /* ListPresenterTests.swift in Sources */,
				C8DF78B41D4905130070D75A /* NoteTests.swift in Sources */,
				C8AC072F1D781E52008DA49A /* ListTests.swift in Sources */,
				C8F8BC051D85E69A00465509 /* EditorPresenterTests.swift in Sources */,
				C84B242B1D79E6E40041BD0E /* RandomlyFailingNoteGatewayDecoratorTests.swift in Sources */,
				C8F8BC011D857E0200465509 /* ListInteractorTests.swift in Sources */,
				C832AD8A1D85E9F9002085C3 /* EditorInteractorTests.swift in Sources */,
				C8DC55081D7AF941002CC948 /* StubErrorGenerator.swift in Sources */,
			);
			runOnlyForDeploymentPostprocessing = 0;
		};
/* End PBXSourcesBuildPhase section */

/* Begin PBXTargetDependency section */
		C83BAD2A1D48E9A200180193 /* PBXTargetDependency */ = {
			isa = PBXTargetDependency;
			target = C83BAD1D1D48E9A200180193 /* CleanNoteCore */;
			targetProxy = C83BAD291D48E9A200180193 /* PBXContainerItemProxy */;
		};
/* End PBXTargetDependency section */

/* Begin XCBuildConfiguration section */
		C83BAD301D48E9A200180193 /* Debug */ = {
			isa = XCBuildConfiguration;
			buildSettings = {
				ALWAYS_SEARCH_USER_PATHS = NO;
				CLANG_ANALYZER_NONNULL = YES;
				CLANG_CXX_LANGUAGE_STANDARD = "gnu++0x";
				CLANG_CXX_LIBRARY = "libc++";
				CLANG_ENABLE_MODULES = YES;
				CLANG_ENABLE_OBJC_ARC = YES;
				CLANG_WARN_BOOL_CONVERSION = YES;
				CLANG_WARN_CONSTANT_CONVERSION = YES;
				CLANG_WARN_DIRECT_OBJC_ISA_USAGE = YES_ERROR;
				CLANG_WARN_DOCUMENTATION_COMMENTS = YES;
				CLANG_WARN_EMPTY_BODY = YES;
				CLANG_WARN_ENUM_CONVERSION = YES;
				CLANG_WARN_INT_CONVERSION = YES;
				CLANG_WARN_OBJC_ROOT_CLASS = YES_ERROR;
				CLANG_WARN_UNREACHABLE_CODE = YES;
				CLANG_WARN__DUPLICATE_METHOD_MATCH = YES;
				"CODE_SIGN_IDENTITY[sdk=iphoneos*]" = "iPhone Developer";
				COPY_PHASE_STRIP = NO;
				CURRENT_PROJECT_VERSION = 1;
				DEBUG_INFORMATION_FORMAT = dwarf;
				ENABLE_STRICT_OBJC_MSGSEND = YES;
				ENABLE_TESTABILITY = YES;
				GCC_C_LANGUAGE_STANDARD = gnu99;
				GCC_DYNAMIC_NO_PIC = NO;
				GCC_NO_COMMON_BLOCKS = YES;
				GCC_OPTIMIZATION_LEVEL = 0;
				GCC_PREPROCESSOR_DEFINITIONS = (
					"DEBUG=1",
					"$(inherited)",
				);
				GCC_WARN_64_TO_32_BIT_CONVERSION = YES;
				GCC_WARN_ABOUT_RETURN_TYPE = YES_ERROR;
				GCC_WARN_UNDECLARED_SELECTOR = YES;
				GCC_WARN_UNINITIALIZED_AUTOS = YES_AGGRESSIVE;
				GCC_WARN_UNUSED_FUNCTION = YES;
				GCC_WARN_UNUSED_VARIABLE = YES;
				IPHONEOS_DEPLOYMENT_TARGET = 10.0;
				MACOSX_DEPLOYMENT_TARGET = 10.11;
				MTL_ENABLE_DEBUG_INFO = YES;
				ONLY_ACTIVE_ARCH = YES;
				SDKROOT = macosx;
				SUPPORTED_PLATFORMS = "iphonesimulator iphoneos macosx";
				SWIFT_ACTIVE_COMPILATION_CONDITIONS = DEBUG;
				SWIFT_OPTIMIZATION_LEVEL = "-Onone";
				TARGETED_DEVICE_FAMILY = "1,2";
				VALID_ARCHS = "i386 x86_64 armv7s armv7 arm64";
				VERSIONING_SYSTEM = "apple-generic";
				VERSION_INFO_PREFIX = "";
			};
			name = Debug;
		};
		C83BAD311D48E9A200180193 /* Release */ = {
			isa = XCBuildConfiguration;
			buildSettings = {
				ALWAYS_SEARCH_USER_PATHS = NO;
				CLANG_ANALYZER_NONNULL = YES;
				CLANG_CXX_LANGUAGE_STANDARD = "gnu++0x";
				CLANG_CXX_LIBRARY = "libc++";
				CLANG_ENABLE_MODULES = YES;
				CLANG_ENABLE_OBJC_ARC = YES;
				CLANG_WARN_BOOL_CONVERSION = YES;
				CLANG_WARN_CONSTANT_CONVERSION = YES;
				CLANG_WARN_DIRECT_OBJC_ISA_USAGE = YES_ERROR;
				CLANG_WARN_DOCUMENTATION_COMMENTS = YES;
				CLANG_WARN_EMPTY_BODY = YES;
				CLANG_WARN_ENUM_CONVERSION = YES;
				CLANG_WARN_INT_CONVERSION = YES;
				CLANG_WARN_OBJC_ROOT_CLASS = YES_ERROR;
				CLANG_WARN_UNREACHABLE_CODE = YES;
				CLANG_WARN__DUPLICATE_METHOD_MATCH = YES;
				"CODE_SIGN_IDENTITY[sdk=iphoneos*]" = "iPhone Developer";
				COPY_PHASE_STRIP = NO;
				CURRENT_PROJECT_VERSION = 1;
				DEBUG_INFORMATION_FORMAT = "dwarf-with-dsym";
				ENABLE_NS_ASSERTIONS = NO;
				ENABLE_STRICT_OBJC_MSGSEND = YES;
				GCC_C_LANGUAGE_STANDARD = gnu99;
				GCC_NO_COMMON_BLOCKS = YES;
				GCC_WARN_64_TO_32_BIT_CONVERSION = YES;
				GCC_WARN_ABOUT_RETURN_TYPE = YES_ERROR;
				GCC_WARN_UNDECLARED_SELECTOR = YES;
				GCC_WARN_UNINITIALIZED_AUTOS = YES_AGGRESSIVE;
				GCC_WARN_UNUSED_FUNCTION = YES;
				GCC_WARN_UNUSED_VARIABLE = YES;
				IPHONEOS_DEPLOYMENT_TARGET = 10.0;
				MACOSX_DEPLOYMENT_TARGET = 10.11;
				MTL_ENABLE_DEBUG_INFO = NO;
				SDKROOT = macosx;
				SUPPORTED_PLATFORMS = "iphonesimulator iphoneos macosx";
				SWIFT_OPTIMIZATION_LEVEL = "-Owholemodule";
				TARGETED_DEVICE_FAMILY = "1,2";
				VALIDATE_PRODUCT = YES;
				VALID_ARCHS = "i386 x86_64 armv7s armv7 arm64";
				VERSIONING_SYSTEM = "apple-generic";
				VERSION_INFO_PREFIX = "";
			};
			name = Release;
		};
		C83BAD331D48E9A200180193 /* Debug */ = {
			isa = XCBuildConfiguration;
			buildSettings = {
				CLANG_ENABLE_MODULES = YES;
				CODE_SIGN_IDENTITY = "";
				DEFINES_MODULE = YES;
				DEVELOPMENT_TEAM = "";
				DYLIB_COMPATIBILITY_VERSION = 1;
				DYLIB_CURRENT_VERSION = 1;
				DYLIB_INSTALL_NAME_BASE = "@rpath";
				INFOPLIST_FILE = CleanNoteCore/Info.plist;
				INSTALL_PATH = "$(LOCAL_LIBRARY_DIR)/Frameworks";
				LD_RUNPATH_SEARCH_PATHS = "$(inherited) @executable_path/Frameworks @loader_path/Frameworks";
				PRODUCT_BUNDLE_IDENTIFIER = io.cutting.CleanNoteCore;
				PRODUCT_NAME = "$(TARGET_NAME)";
				SKIP_INSTALL = YES;
				SWIFT_OPTIMIZATION_LEVEL = "-Onone";
				SWIFT_VERSION = 3.0;
			};
			name = Debug;
		};
		C83BAD341D48E9A200180193 /* Release */ = {
			isa = XCBuildConfiguration;
			buildSettings = {
				CLANG_ENABLE_MODULES = YES;
				CODE_SIGN_IDENTITY = "";
				DEFINES_MODULE = YES;
				DEVELOPMENT_TEAM = "";
				DYLIB_COMPATIBILITY_VERSION = 1;
				DYLIB_CURRENT_VERSION = 1;
				DYLIB_INSTALL_NAME_BASE = "@rpath";
				INFOPLIST_FILE = CleanNoteCore/Info.plist;
				INSTALL_PATH = "$(LOCAL_LIBRARY_DIR)/Frameworks";
				LD_RUNPATH_SEARCH_PATHS = "$(inherited) @executable_path/Frameworks @loader_path/Frameworks";
				PRODUCT_BUNDLE_IDENTIFIER = io.cutting.CleanNoteCore;
				PRODUCT_NAME = "$(TARGET_NAME)";
				SKIP_INSTALL = YES;
				SWIFT_VERSION = 3.0;
			};
			name = Release;
		};
		C83BAD361D48E9A200180193 /* Debug */ = {
			isa = XCBuildConfiguration;
			buildSettings = {
				FRAMEWORK_SEARCH_PATHS = (
					"$(SDKROOT)",
					"$(inherited)",
				);
				INFOPLIST_FILE = CleanNoteCoreTests/Info.plist;
				LD_RUNPATH_SEARCH_PATHS = "$(inherited) @executable_path/Frameworks @loader_path/Frameworks @executable_path/../Frameworks @loader_path/../Frameworks";
				PRODUCT_BUNDLE_IDENTIFIER = io.cutting.CleanNoteCoreTests;
				PRODUCT_NAME = "$(TARGET_NAME)";
				SWIFT_VERSION = 3.0;
			};
			name = Debug;
		};
		C83BAD371D48E9A200180193 /* Release */ = {
			isa = XCBuildConfiguration;
			buildSettings = {
				FRAMEWORK_SEARCH_PATHS = (
					"$(SDKROOT)",
					"$(inherited)",
				);
				INFOPLIST_FILE = CleanNoteCoreTests/Info.plist;
				LD_RUNPATH_SEARCH_PATHS = "$(inherited) @executable_path/Frameworks @loader_path/Frameworks @executable_path/../Frameworks @loader_path/../Frameworks";
				PRODUCT_BUNDLE_IDENTIFIER = io.cutting.CleanNoteCoreTests;
				PRODUCT_NAME = "$(TARGET_NAME)";
				SWIFT_VERSION = 3.0;
			};
			name = Release;
		};
/* End XCBuildConfiguration section */

/* Begin XCConfigurationList section */
		C83BAD181D48E9A200180193 /* Build configuration list for PBXProject "CleanNoteCore" */ = {
			isa = XCConfigurationList;
			buildConfigurations = (
				C83BAD301D48E9A200180193 /* Debug */,
				C83BAD311D48E9A200180193 /* Release */,
			);
			defaultConfigurationIsVisible = 0;
			defaultConfigurationName = Release;
		};
		C83BAD321D48E9A200180193 /* Build configuration list for PBXNativeTarget "CleanNoteCore" */ = {
			isa = XCConfigurationList;
			buildConfigurations = (
				C83BAD331D48E9A200180193 /* Debug */,
				C83BAD341D48E9A200180193 /* Release */,
			);
			defaultConfigurationIsVisible = 0;
			defaultConfigurationName = Release;
		};
		C83BAD351D48E9A200180193 /* Build configuration list for PBXNativeTarget "CleanNoteCoreTests" */ = {
			isa = XCConfigurationList;
			buildConfigurations = (
				C83BAD361D48E9A200180193 /* Debug */,
				C83BAD371D48E9A200180193 /* Release */,
			);
			defaultConfigurationIsVisible = 0;
			defaultConfigurationName = Release;
		};
/* End XCConfigurationList section */
	};
	rootObject = C83BAD151D48E9A200180193 /* Project object */;
}
