// !$*UTF8*$!
{
	archiveVersion = 1;
	classes = {
	};
	objectVersion = 46;
	objects = {

/* Begin PBXBuildFile section */
		C80820781D3F6365002E9CDE /* MockListInteractorInput.swift in Sources */ = {isa = PBXBuildFile; fileRef = C80820771D3F6365002E9CDE /* MockListInteractorInput.swift */; };
		C81842231D184F4100B8BE01 /* AppDelegate.swift in Sources */ = {isa = PBXBuildFile; fileRef = C81842221D184F4100B8BE01 /* AppDelegate.swift */; };
		C81842251D184F4100B8BE01 /* ListViewController.swift in Sources */ = {isa = PBXBuildFile; fileRef = C81842241D184F4100B8BE01 /* ListViewController.swift */; };
		C81842281D184F4100B8BE01 /* Main.storyboard in Resources */ = {isa = PBXBuildFile; fileRef = C81842261D184F4100B8BE01 /* Main.storyboard */; };
		C818422A1D184F4100B8BE01 /* Assets.xcassets in Resources */ = {isa = PBXBuildFile; fileRef = C81842291D184F4100B8BE01 /* Assets.xcassets */; };
		C818422D1D184F4100B8BE01 /* LaunchScreen.storyboard in Resources */ = {isa = PBXBuildFile; fileRef = C818422B1D184F4100B8BE01 /* LaunchScreen.storyboard */; };
		C81842461D18534A00B8BE01 /* ListInteractor.swift in Sources */ = {isa = PBXBuildFile; fileRef = C81842451D18534A00B8BE01 /* ListInteractor.swift */; };
		C81842481D18538D00B8BE01 /* ListPresenter.swift in Sources */ = {isa = PBXBuildFile; fileRef = C81842471D18538D00B8BE01 /* ListPresenter.swift */; };
		C818424C1D18549000B8BE01 /* Note.swift in Sources */ = {isa = PBXBuildFile; fileRef = C818424B1D18549000B8BE01 /* Note.swift */; };
		C82C11AC1D3E4E0700035E3E /* ListInteractorTests.swift in Sources */ = {isa = PBXBuildFile; fileRef = C82C11AB1D3E4E0700035E3E /* ListInteractorTests.swift */; };
		C82C11B11D3E502900035E3E /* MockListInteractorOutput.swift in Sources */ = {isa = PBXBuildFile; fileRef = C82C11B01D3E502900035E3E /* MockListInteractorOutput.swift */; };
		C836BB1D1D3BB2DD002FBE21 /* EditorWireframe.swift in Sources */ = {isa = PBXBuildFile; fileRef = C836BB1C1D3BB2DD002FBE21 /* EditorWireframe.swift */; };
		C8371CEA1D3E892F00BD3844 /* EditorViewControllerTests.swift in Sources */ = {isa = PBXBuildFile; fileRef = C8371CE91D3E892F00BD3844 /* EditorViewControllerTests.swift */; };
		C8371CEC1D3E8B3C00BD3844 /* MockEditorInteractorInput.swift in Sources */ = {isa = PBXBuildFile; fileRef = C8371CEB1D3E8B3C00BD3844 /* MockEditorInteractorInput.swift */; };
		C876A6E01D394D43009366FE /* ListWireframe.swift in Sources */ = {isa = PBXBuildFile; fileRef = C876A6DF1D394D43009366FE /* ListWireframe.swift */; };
		C876A6E31D394ECF009366FE /* EditorViewController.swift in Sources */ = {isa = PBXBuildFile; fileRef = C876A6E21D394ECF009366FE /* EditorViewController.swift */; };
		C876A6E51D394EFD009366FE /* EditorInteractor.swift in Sources */ = {isa = PBXBuildFile; fileRef = C876A6E41D394EFD009366FE /* EditorInteractor.swift */; };
		C876A6E71D394F47009366FE /* EditorPresenter.swift in Sources */ = {isa = PBXBuildFile; fileRef = C876A6E61D394F47009366FE /* EditorPresenter.swift */; };
		C89C92BA1D3C40870070C5E7 /* NoteGateway.swift in Sources */ = {isa = PBXBuildFile; fileRef = C89C92B81D3C40870070C5E7 /* NoteGateway.swift */; };
		C89C92BB1D3C40870070C5E7 /* InMemoryNoteGateway.swift in Sources */ = {isa = PBXBuildFile; fileRef = C89C92B91D3C40870070C5E7 /* InMemoryNoteGateway.swift */; };
		C8A197361D3CC1DC004CE743 /* RootWireframe.swift in Sources */ = {isa = PBXBuildFile; fileRef = C8A197351D3CC1DC004CE743 /* RootWireframe.swift */; };
		C8A197381D3E933D004CE743 /* MockTextView.swift in Sources */ = {isa = PBXBuildFile; fileRef = C8A197371D3E933D004CE743 /* MockTextView.swift */; };
		C8A516C61D3E654300DC8D78 /* ListPresenterTests.swift in Sources */ = {isa = PBXBuildFile; fileRef = C8A516C51D3E654300DC8D78 /* ListPresenterTests.swift */; };
		C8A516C81D3E659A00DC8D78 /* MockListInterface.swift in Sources */ = {isa = PBXBuildFile; fileRef = C8A516C71D3E659A00DC8D78 /* MockListInterface.swift */; };
		C8A516CA1D3E71E100DC8D78 /* EditorPresenterTests.swift in Sources */ = {isa = PBXBuildFile; fileRef = C8A516C91D3E71E100DC8D78 /* EditorPresenterTests.swift */; };
		C8A516CC1D3E72C000DC8D78 /* MockEditorInterface.swift in Sources */ = {isa = PBXBuildFile; fileRef = C8A516CB1D3E72C000DC8D78 /* MockEditorInterface.swift */; };
		C8A516CE1D3E754A00DC8D78 /* NoteTests.swift in Sources */ = {isa = PBXBuildFile; fileRef = C8A516CD1D3E754A00DC8D78 /* NoteTests.swift */; };
		C8A516D01D3E767500DC8D78 /* EditorInteractorTests.swift in Sources */ = {isa = PBXBuildFile; fileRef = C8A516CF1D3E767500DC8D78 /* EditorInteractorTests.swift */; };
		C8A516D21D3E776400DC8D78 /* MockEditorInteractorOutput.swift in Sources */ = {isa = PBXBuildFile; fileRef = C8A516D11D3E776400DC8D78 /* MockEditorInteractorOutput.swift */; };
		C8A516D41D3E83A400DC8D78 /* MockNoteGateway.swift in Sources */ = {isa = PBXBuildFile; fileRef = C8A516D31D3E83A400DC8D78 /* MockNoteGateway.swift */; };
		C8FF3C0A1D3ED6870038F3E4 /* ListViewControllerTests.swift in Sources */ = {isa = PBXBuildFile; fileRef = C8FF3C091D3ED6870038F3E4 /* ListViewControllerTests.swift */; };
/* End PBXBuildFile section */

/* Begin PBXContainerItemProxy section */
		C81842341D184F4100B8BE01 /* PBXContainerItemProxy */ = {
			isa = PBXContainerItemProxy;
			containerPortal = C81842171D184F4100B8BE01 /* Project object */;
			proxyType = 1;
			remoteGlobalIDString = C818421E1D184F4100B8BE01;
			remoteInfo = CleanNote;
		};
/* End PBXContainerItemProxy section */

/* Begin PBXFileReference section */
		C80820771D3F6365002E9CDE /* MockListInteractorInput.swift */ = {isa = PBXFileReference; fileEncoding = 4; lastKnownFileType = sourcecode.swift; name = MockListInteractorInput.swift; path = Code/MockListInteractorInput.swift; sourceTree = "<group>"; };
		C818421F1D184F4100B8BE01 /* CleanNote.app */ = {isa = PBXFileReference; explicitFileType = wrapper.application; includeInIndex = 0; path = CleanNote.app; sourceTree = BUILT_PRODUCTS_DIR; };
		C81842221D184F4100B8BE01 /* AppDelegate.swift */ = {isa = PBXFileReference; lastKnownFileType = sourcecode.swift; name = AppDelegate.swift; path = Code/AppDelegate.swift; sourceTree = "<group>"; };
		C81842241D184F4100B8BE01 /* ListViewController.swift */ = {isa = PBXFileReference; lastKnownFileType = sourcecode.swift; name = ListViewController.swift; path = Code/ListViewController.swift; sourceTree = "<group>"; };
		C81842271D184F4100B8BE01 /* Base */ = {isa = PBXFileReference; lastKnownFileType = file.storyboard; name = Base; path = Base.lproj/Main.storyboard; sourceTree = "<group>"; };
		C81842291D184F4100B8BE01 /* Assets.xcassets */ = {isa = PBXFileReference; lastKnownFileType = folder.assetcatalog; path = Assets.xcassets; sourceTree = "<group>"; };
		C818422C1D184F4100B8BE01 /* Base */ = {isa = PBXFileReference; lastKnownFileType = file.storyboard; name = Base; path = Base.lproj/LaunchScreen.storyboard; sourceTree = "<group>"; };
		C818422E1D184F4100B8BE01 /* Info.plist */ = {isa = PBXFileReference; lastKnownFileType = text.plist.xml; path = Info.plist; sourceTree = "<group>"; };
		C81842331D184F4100B8BE01 /* CleanNoteTests.xctest */ = {isa = PBXFileReference; explicitFileType = wrapper.cfbundle; includeInIndex = 0; path = CleanNoteTests.xctest; sourceTree = BUILT_PRODUCTS_DIR; };
		C81842391D184F4100B8BE01 /* Info.plist */ = {isa = PBXFileReference; lastKnownFileType = text.plist.xml; path = Info.plist; sourceTree = "<group>"; };
		C81842451D18534A00B8BE01 /* ListInteractor.swift */ = {isa = PBXFileReference; fileEncoding = 4; lastKnownFileType = sourcecode.swift; name = ListInteractor.swift; path = Code/ListInteractor.swift; sourceTree = "<group>"; };
		C81842471D18538D00B8BE01 /* ListPresenter.swift */ = {isa = PBXFileReference; fileEncoding = 4; lastKnownFileType = sourcecode.swift; name = ListPresenter.swift; path = Code/ListPresenter.swift; sourceTree = "<group>"; };
		C818424B1D18549000B8BE01 /* Note.swift */ = {isa = PBXFileReference; fileEncoding = 4; lastKnownFileType = sourcecode.swift; name = Note.swift; path = Code/Note.swift; sourceTree = "<group>"; };
		C82C11AB1D3E4E0700035E3E /* ListInteractorTests.swift */ = {isa = PBXFileReference; fileEncoding = 4; lastKnownFileType = sourcecode.swift; name = ListInteractorTests.swift; path = CleanNoteTests/Code/ListInteractorTests.swift; sourceTree = SOURCE_ROOT; };
		C82C11B01D3E502900035E3E /* MockListInteractorOutput.swift */ = {isa = PBXFileReference; fileEncoding = 4; lastKnownFileType = sourcecode.swift; name = MockListInteractorOutput.swift; path = Code/MockListInteractorOutput.swift; sourceTree = "<group>"; };
		C836BB1C1D3BB2DD002FBE21 /* EditorWireframe.swift */ = {isa = PBXFileReference; fileEncoding = 4; lastKnownFileType = sourcecode.swift; name = EditorWireframe.swift; path = Code/EditorWireframe.swift; sourceTree = "<group>"; };
		C8371CE91D3E892F00BD3844 /* EditorViewControllerTests.swift */ = {isa = PBXFileReference; fileEncoding = 4; lastKnownFileType = sourcecode.swift; name = EditorViewControllerTests.swift; path = CleanNoteTests/Code/EditorViewControllerTests.swift; sourceTree = SOURCE_ROOT; };
		C8371CEB1D3E8B3C00BD3844 /* MockEditorInteractorInput.swift */ = {isa = PBXFileReference; fileEncoding = 4; lastKnownFileType = sourcecode.swift; name = MockEditorInteractorInput.swift; path = Code/MockEditorInteractorInput.swift; sourceTree = "<group>"; };
		C876A6DF1D394D43009366FE /* ListWireframe.swift */ = {isa = PBXFileReference; fileEncoding = 4; lastKnownFileType = sourcecode.swift; name = ListWireframe.swift; path = Code/ListWireframe.swift; sourceTree = "<group>"; };
		C876A6E21D394ECF009366FE /* EditorViewController.swift */ = {isa = PBXFileReference; fileEncoding = 4; lastKnownFileType = sourcecode.swift; name = EditorViewController.swift; path = Code/EditorViewController.swift; sourceTree = "<group>"; };
		C876A6E41D394EFD009366FE /* EditorInteractor.swift */ = {isa = PBXFileReference; fileEncoding = 4; lastKnownFileType = sourcecode.swift; name = EditorInteractor.swift; path = Code/EditorInteractor.swift; sourceTree = "<group>"; };
		C876A6E61D394F47009366FE /* EditorPresenter.swift */ = {isa = PBXFileReference; fileEncoding = 4; lastKnownFileType = sourcecode.swift; name = EditorPresenter.swift; path = Code/EditorPresenter.swift; sourceTree = "<group>"; };
		C89C92B81D3C40870070C5E7 /* NoteGateway.swift */ = {isa = PBXFileReference; fileEncoding = 4; lastKnownFileType = sourcecode.swift; name = NoteGateway.swift; path = Code/NoteGateway.swift; sourceTree = "<group>"; };
		C89C92B91D3C40870070C5E7 /* InMemoryNoteGateway.swift */ = {isa = PBXFileReference; fileEncoding = 4; lastKnownFileType = sourcecode.swift; name = InMemoryNoteGateway.swift; path = Code/InMemoryNoteGateway.swift; sourceTree = "<group>"; };
		C8A197351D3CC1DC004CE743 /* RootWireframe.swift */ = {isa = PBXFileReference; fileEncoding = 4; lastKnownFileType = sourcecode.swift; name = RootWireframe.swift; path = Code/RootWireframe.swift; sourceTree = "<group>"; };
		C8A197371D3E933D004CE743 /* MockTextView.swift */ = {isa = PBXFileReference; fileEncoding = 4; lastKnownFileType = sourcecode.swift; name = MockTextView.swift; path = Code/MockTextView.swift; sourceTree = "<group>"; };
		C8A516C51D3E654300DC8D78 /* ListPresenterTests.swift */ = {isa = PBXFileReference; fileEncoding = 4; lastKnownFileType = sourcecode.swift; name = ListPresenterTests.swift; path = CleanNoteTests/Code/ListPresenterTests.swift; sourceTree = SOURCE_ROOT; };
		C8A516C71D3E659A00DC8D78 /* MockListInterface.swift */ = {isa = PBXFileReference; fileEncoding = 4; lastKnownFileType = sourcecode.swift; name = MockListInterface.swift; path = Code/MockListInterface.swift; sourceTree = "<group>"; };
		C8A516C91D3E71E100DC8D78 /* EditorPresenterTests.swift */ = {isa = PBXFileReference; fileEncoding = 4; lastKnownFileType = sourcecode.swift; name = EditorPresenterTests.swift; path = CleanNoteTests/Code/EditorPresenterTests.swift; sourceTree = SOURCE_ROOT; };
		C8A516CB1D3E72C000DC8D78 /* MockEditorInterface.swift */ = {isa = PBXFileReference; fileEncoding = 4; lastKnownFileType = sourcecode.swift; name = MockEditorInterface.swift; path = Code/MockEditorInterface.swift; sourceTree = "<group>"; };
		C8A516CD1D3E754A00DC8D78 /* NoteTests.swift */ = {isa = PBXFileReference; fileEncoding = 4; lastKnownFileType = sourcecode.swift; name = NoteTests.swift; path = CleanNoteTests/Code/NoteTests.swift; sourceTree = SOURCE_ROOT; };
		C8A516CF1D3E767500DC8D78 /* EditorInteractorTests.swift */ = {isa = PBXFileReference; fileEncoding = 4; lastKnownFileType = sourcecode.swift; name = EditorInteractorTests.swift; path = CleanNoteTests/Code/EditorInteractorTests.swift; sourceTree = SOURCE_ROOT; };
		C8A516D11D3E776400DC8D78 /* MockEditorInteractorOutput.swift */ = {isa = PBXFileReference; fileEncoding = 4; lastKnownFileType = sourcecode.swift; name = MockEditorInteractorOutput.swift; path = Code/MockEditorInteractorOutput.swift; sourceTree = "<group>"; };
		C8A516D31D3E83A400DC8D78 /* MockNoteGateway.swift */ = {isa = PBXFileReference; fileEncoding = 4; lastKnownFileType = sourcecode.swift; name = MockNoteGateway.swift; path = Code/MockNoteGateway.swift; sourceTree = "<group>"; };
		C8FF3C091D3ED6870038F3E4 /* ListViewControllerTests.swift */ = {isa = PBXFileReference; fileEncoding = 4; lastKnownFileType = sourcecode.swift; name = ListViewControllerTests.swift; path = CleanNoteTests/Code/ListViewControllerTests.swift; sourceTree = SOURCE_ROOT; };
/* End PBXFileReference section */

/* Begin PBXFrameworksBuildPhase section */
		C818421C1D184F4100B8BE01 /* Frameworks */ = {
			isa = PBXFrameworksBuildPhase;
			buildActionMask = 2147483647;
			files = (
			);
			runOnlyForDeploymentPostprocessing = 0;
		};
		C81842301D184F4100B8BE01 /* Frameworks */ = {
			isa = PBXFrameworksBuildPhase;
			buildActionMask = 2147483647;
			files = (
			);
			runOnlyForDeploymentPostprocessing = 0;
		};
/* End PBXFrameworksBuildPhase section */

/* Begin PBXGroup section */
		C81842161D184F4100B8BE01 = {
			isa = PBXGroup;
			children = (
				C81842211D184F4100B8BE01 /* CleanNote */,
				C81842361D184F4100B8BE01 /* CleanNoteTests */,
				C81842201D184F4100B8BE01 /* Products */,
			);
			sourceTree = "<group>";
		};
		C81842201D184F4100B8BE01 /* Products */ = {
			isa = PBXGroup;
			children = (
				C818421F1D184F4100B8BE01 /* CleanNote.app */,
				C81842331D184F4100B8BE01 /* CleanNoteTests.xctest */,
			);
			name = Products;
			sourceTree = "<group>";
		};
		C81842211D184F4100B8BE01 /* CleanNote */ = {
			isa = PBXGroup;
			children = (
				C81842431D18507A00B8BE01 /* Boilerplate */,
				C81842491D18545000B8BE01 /* Entities */,
				C818424A1D18545E00B8BE01 /* Gateways */,
				C81842421D18505D00B8BE01 /* Modules */,
			);
			path = CleanNote;
			sourceTree = "<group>";
		};
		C81842361D184F4100B8BE01 /* CleanNoteTests */ = {
			isa = PBXGroup;
			children = (
				C82C11AD1D3E4E1B00035E3E /* Boilerplate */,
				C80820771D3F6365002E9CDE /* MockListInteractorInput.swift */,
				C82C11B01D3E502900035E3E /* MockListInteractorOutput.swift */,
				C8A516C71D3E659A00DC8D78 /* MockListInterface.swift */,
				C8371CEB1D3E8B3C00BD3844 /* MockEditorInteractorInput.swift */,
				C8A516D11D3E776400DC8D78 /* MockEditorInteractorOutput.swift */,
				C8A516CB1D3E72C000DC8D78 /* MockEditorInterface.swift */,
				C8A516D31D3E83A400DC8D78 /* MockNoteGateway.swift */,
				C8A197371D3E933D004CE743 /* MockTextView.swift */,
			);
			path = CleanNoteTests;
			sourceTree = "<group>";
		};
		C81842421D18505D00B8BE01 /* Modules */ = {
			isa = PBXGroup;
			children = (
				C81842441D1850A300B8BE01 /* List */,
				C876A6E11D394EBD009366FE /* Editor */,
			);
			name = Modules;
			sourceTree = "<group>";
		};
		C81842431D18507A00B8BE01 /* Boilerplate */ = {
			isa = PBXGroup;
			children = (
				C81842221D184F4100B8BE01 /* AppDelegate.swift */,
				C8A197351D3CC1DC004CE743 /* RootWireframe.swift */,
				C81842261D184F4100B8BE01 /* Main.storyboard */,
				C81842291D184F4100B8BE01 /* Assets.xcassets */,
				C818422B1D184F4100B8BE01 /* LaunchScreen.storyboard */,
				C818422E1D184F4100B8BE01 /* Info.plist */,
			);
			name = Boilerplate;
			sourceTree = "<group>";
		};
		C81842441D1850A300B8BE01 /* List */ = {
			isa = PBXGroup;
			children = (
				C81842241D184F4100B8BE01 /* ListViewController.swift */,
				C81842451D18534A00B8BE01 /* ListInteractor.swift */,
				C81842471D18538D00B8BE01 /* ListPresenter.swift */,
				C876A6DF1D394D43009366FE /* ListWireframe.swift */,
				C8FF3C091D3ED6870038F3E4 /* ListViewControllerTests.swift */,
				C82C11AB1D3E4E0700035E3E /* ListInteractorTests.swift */,
				C8A516C51D3E654300DC8D78 /* ListPresenterTests.swift */,
			);
			name = List;
			sourceTree = "<group>";
		};
		C81842491D18545000B8BE01 /* Entities */ = {
			isa = PBXGroup;
			children = (
				C818424B1D18549000B8BE01 /* Note.swift */,
				C8A516CD1D3E754A00DC8D78 /* NoteTests.swift */,
			);
			name = Entities;
			sourceTree = "<group>";
		};
		C818424A1D18545E00B8BE01 /* Gateways */ = {
			isa = PBXGroup;
			children = (
				C89C92B81D3C40870070C5E7 /* NoteGateway.swift */,
				C89C92B91D3C40870070C5E7 /* InMemoryNoteGateway.swift */,
			);
			name = Gateways;
			sourceTree = "<group>";
		};
		C82C11AD1D3E4E1B00035E3E /* Boilerplate */ = {
			isa = PBXGroup;
			children = (
				C81842391D184F4100B8BE01 /* Info.plist */,
			);
			name = Boilerplate;
			sourceTree = "<group>";
		};
		C876A6E11D394EBD009366FE /* Editor */ = {
			isa = PBXGroup;
			children = (
				C876A6E21D394ECF009366FE /* EditorViewController.swift */,
				C876A6E41D394EFD009366FE /* EditorInteractor.swift */,
				C876A6E61D394F47009366FE /* EditorPresenter.swift */,
				C836BB1C1D3BB2DD002FBE21 /* EditorWireframe.swift */,
				C8371CE91D3E892F00BD3844 /* EditorViewControllerTests.swift */,
				C8A516CF1D3E767500DC8D78 /* EditorInteractorTests.swift */,
				C8A516C91D3E71E100DC8D78 /* EditorPresenterTests.swift */,
			);
			name = Editor;
			sourceTree = "<group>";
		};
/* End PBXGroup section */

/* Begin PBXNativeTarget section */
		C818421E1D184F4100B8BE01 /* CleanNote */ = {
			isa = PBXNativeTarget;
			buildConfigurationList = C818423C1D184F4100B8BE01 /* Build configuration list for PBXNativeTarget "CleanNote" */;
			buildPhases = (
				C818421B1D184F4100B8BE01 /* Sources */,
				C818421C1D184F4100B8BE01 /* Frameworks */,
				C818421D1D184F4100B8BE01 /* Resources */,
			);
			buildRules = (
			);
			dependencies = (
			);
			name = CleanNote;
			productName = CleanNote;
			productReference = C818421F1D184F4100B8BE01 /* CleanNote.app */;
			productType = "com.apple.product-type.application";
		};
		C81842321D184F4100B8BE01 /* CleanNoteTests */ = {
			isa = PBXNativeTarget;
			buildConfigurationList = C818423F1D184F4100B8BE01 /* Build configuration list for PBXNativeTarget "CleanNoteTests" */;
			buildPhases = (
				C818422F1D184F4100B8BE01 /* Sources */,
				C81842301D184F4100B8BE01 /* Frameworks */,
				C81842311D184F4100B8BE01 /* Resources */,
			);
			buildRules = (
			);
			dependencies = (
				C81842351D184F4100B8BE01 /* PBXTargetDependency */,
			);
			name = CleanNoteTests;
			productName = CleanNoteTests;
			productReference = C81842331D184F4100B8BE01 /* CleanNoteTests.xctest */;
			productType = "com.apple.product-type.bundle.unit-test";
		};
/* End PBXNativeTarget section */

/* Begin PBXProject section */
		C81842171D184F4100B8BE01 /* Project object */ = {
			isa = PBXProject;
			attributes = {
				LastSwiftUpdateCheck = 0800;
				LastUpgradeCheck = 0800;
				ORGANIZATIONNAME = cutting.io;
				TargetAttributes = {
					C818421E1D184F4100B8BE01 = {
						CreatedOnToolsVersion = 8.0;
						DevelopmentTeam = AYHK8KU7G7;
						DevelopmentTeamName = "Daniel Cutting (Personal Team)";
						ProvisioningStyle = Automatic;
					};
					C81842321D184F4100B8BE01 = {
						CreatedOnToolsVersion = 8.0;
						DevelopmentTeam = AYHK8KU7G7;
						DevelopmentTeamName = "Daniel Cutting (Personal Team)";
						ProvisioningStyle = Automatic;
						TestTargetID = C818421E1D184F4100B8BE01;
					};
				};
			};
			buildConfigurationList = C818421A1D184F4100B8BE01 /* Build configuration list for PBXProject "CleanNote" */;
			compatibilityVersion = "Xcode 3.2";
			developmentRegion = English;
			hasScannedForEncodings = 0;
			knownRegions = (
				en,
				Base,
			);
			mainGroup = C81842161D184F4100B8BE01;
			productRefGroup = C81842201D184F4100B8BE01 /* Products */;
			projectDirPath = "";
			projectRoot = "";
			targets = (
				C818421E1D184F4100B8BE01 /* CleanNote */,
				C81842321D184F4100B8BE01 /* CleanNoteTests */,
			);
		};
/* End PBXProject section */

/* Begin PBXResourcesBuildPhase section */
		C818421D1D184F4100B8BE01 /* Resources */ = {
			isa = PBXResourcesBuildPhase;
			buildActionMask = 2147483647;
			files = (
				C818422D1D184F4100B8BE01 /* LaunchScreen.storyboard in Resources */,
				C818422A1D184F4100B8BE01 /* Assets.xcassets in Resources */,
				C81842281D184F4100B8BE01 /* Main.storyboard in Resources */,
			);
			runOnlyForDeploymentPostprocessing = 0;
		};
		C81842311D184F4100B8BE01 /* Resources */ = {
			isa = PBXResourcesBuildPhase;
			buildActionMask = 2147483647;
			files = (
			);
			runOnlyForDeploymentPostprocessing = 0;
		};
/* End PBXResourcesBuildPhase section */

/* Begin PBXSourcesBuildPhase section */
		C818421B1D184F4100B8BE01 /* Sources */ = {
			isa = PBXSourcesBuildPhase;
			buildActionMask = 2147483647;
			files = (
				C89C92BB1D3C40870070C5E7 /* InMemoryNoteGateway.swift in Sources */,
				C818424C1D18549000B8BE01 /* Note.swift in Sources */,
				C81842461D18534A00B8BE01 /* ListInteractor.swift in Sources */,
				C81842251D184F4100B8BE01 /* ListViewController.swift in Sources */,
				C89C92BA1D3C40870070C5E7 /* NoteGateway.swift in Sources */,
				C876A6E71D394F47009366FE /* EditorPresenter.swift in Sources */,
				C836BB1D1D3BB2DD002FBE21 /* EditorWireframe.swift in Sources */,
				C876A6E31D394ECF009366FE /* EditorViewController.swift in Sources */,
				C876A6E01D394D43009366FE /* ListWireframe.swift in Sources */,
				C81842481D18538D00B8BE01 /* ListPresenter.swift in Sources */,
				C876A6E51D394EFD009366FE /* EditorInteractor.swift in Sources */,
				C8A197361D3CC1DC004CE743 /* RootWireframe.swift in Sources */,
				C81842231D184F4100B8BE01 /* AppDelegate.swift in Sources */,
			);
			runOnlyForDeploymentPostprocessing = 0;
		};
		C818422F1D184F4100B8BE01 /* Sources */ = {
			isa = PBXSourcesBuildPhase;
			buildActionMask = 2147483647;
			files = (
				C82C11AC1D3E4E0700035E3E /* ListInteractorTests.swift in Sources */,
				C8371CEA1D3E892F00BD3844 /* EditorViewControllerTests.swift in Sources */,
				C8A516C81D3E659A00DC8D78 /* MockListInterface.swift in Sources */,
				C8A516CC1D3E72C000DC8D78 /* MockEditorInterface.swift in Sources */,
				C8FF3C0A1D3ED6870038F3E4 /* ListViewControllerTests.swift in Sources */,
				C8A516D01D3E767500DC8D78 /* EditorInteractorTests.swift in Sources */,
				C8371CEC1D3E8B3C00BD3844 /* MockEditorInteractorInput.swift in Sources */,
				C8A516D21D3E776400DC8D78 /* MockEditorInteractorOutput.swift in Sources */,
				C82C11B11D3E502900035E3E /* MockListInteractorOutput.swift in Sources */,
				C8A516D41D3E83A400DC8D78 /* MockNoteGateway.swift in Sources */,
				C8A516C61D3E654300DC8D78 /* ListPresenterTests.swift in Sources */,
				C80820781D3F6365002E9CDE /* MockListInteractorInput.swift in Sources */,
				C8A516CE1D3E754A00DC8D78 /* NoteTests.swift in Sources */,
				C8A516CA1D3E71E100DC8D78 /* EditorPresenterTests.swift in Sources */,
				C8A197381D3E933D004CE743 /* MockTextView.swift in Sources */,
			);
			runOnlyForDeploymentPostprocessing = 0;
		};
/* End PBXSourcesBuildPhase section */

/* Begin PBXTargetDependency section */
		C81842351D184F4100B8BE01 /* PBXTargetDependency */ = {
			isa = PBXTargetDependency;
			target = C818421E1D184F4100B8BE01 /* CleanNote */;
			targetProxy = C81842341D184F4100B8BE01 /* PBXContainerItemProxy */;
		};
/* End PBXTargetDependency section */

/* Begin PBXVariantGroup section */
		C81842261D184F4100B8BE01 /* Main.storyboard */ = {
			isa = PBXVariantGroup;
			children = (
				C81842271D184F4100B8BE01 /* Base */,
			);
			name = Main.storyboard;
			sourceTree = "<group>";
		};
		C818422B1D184F4100B8BE01 /* LaunchScreen.storyboard */ = {
			isa = PBXVariantGroup;
			children = (
				C818422C1D184F4100B8BE01 /* Base */,
			);
			name = LaunchScreen.storyboard;
			sourceTree = "<group>";
		};
/* End PBXVariantGroup section */

/* Begin XCBuildConfiguration section */
		C818423A1D184F4100B8BE01 /* Debug */ = {
			isa = XCBuildConfiguration;
			buildSettings = {
				ALWAYS_SEARCH_USER_PATHS = NO;
				CLANG_ANALYZER_NONNULL = YES;
				CLANG_CXX_LANGUAGE_STANDARD = "gnu++0x";
				CLANG_CXX_LIBRARY = "libc++";
				CLANG_ENABLE_MODULES = YES;
				CLANG_ENABLE_OBJC_ARC = YES;
				CLANG_WARN_BOOL_CONVERSION = YES;
				CLANG_WARN_CONSTANT_CONVERSION = YES;
				CLANG_WARN_DIRECT_OBJC_ISA_USAGE = YES_ERROR;
				CLANG_WARN_DOCUMENTATION_COMMENTS = YES;
				CLANG_WARN_EMPTY_BODY = YES;
				CLANG_WARN_ENUM_CONVERSION = YES;
				CLANG_WARN_INT_CONVERSION = YES;
				CLANG_WARN_OBJC_ROOT_CLASS = YES_ERROR;
				CLANG_WARN_UNREACHABLE_CODE = YES;
				CLANG_WARN__DUPLICATE_METHOD_MATCH = YES;
				"CODE_SIGN_IDENTITY[sdk=iphoneos*]" = "iPhone Developer";
				COPY_PHASE_STRIP = NO;
				DEBUG_INFORMATION_FORMAT = dwarf;
				ENABLE_STRICT_OBJC_MSGSEND = YES;
				ENABLE_TESTABILITY = YES;
				GCC_C_LANGUAGE_STANDARD = gnu99;
				GCC_DYNAMIC_NO_PIC = NO;
				GCC_NO_COMMON_BLOCKS = YES;
				GCC_OPTIMIZATION_LEVEL = 0;
				GCC_PREPROCESSOR_DEFINITIONS = (
					"DEBUG=1",
					"$(inherited)",
				);
				GCC_WARN_64_TO_32_BIT_CONVERSION = YES;
				GCC_WARN_ABOUT_RETURN_TYPE = YES_ERROR;
				GCC_WARN_UNDECLARED_SELECTOR = YES;
				GCC_WARN_UNINITIALIZED_AUTOS = YES_AGGRESSIVE;
				GCC_WARN_UNUSED_FUNCTION = YES;
				GCC_WARN_UNUSED_VARIABLE = YES;
				IPHONEOS_DEPLOYMENT_TARGET = 9.3;
				MTL_ENABLE_DEBUG_INFO = YES;
				ONLY_ACTIVE_ARCH = YES;
				SDKROOT = iphoneos;
				SWIFT_ACTIVE_COMPILATION_CONDITIONS = DEBUG;
				SWIFT_OPTIMIZATION_LEVEL = "-Onone";
			};
			name = Debug;
		};
		C818423B1D184F4100B8BE01 /* Release */ = {
			isa = XCBuildConfiguration;
			buildSettings = {
				ALWAYS_SEARCH_USER_PATHS = NO;
				CLANG_ANALYZER_NONNULL = YES;
				CLANG_CXX_LANGUAGE_STANDARD = "gnu++0x";
				CLANG_CXX_LIBRARY = "libc++";
				CLANG_ENABLE_MODULES = YES;
				CLANG_ENABLE_OBJC_ARC = YES;
				CLANG_WARN_BOOL_CONVERSION = YES;
				CLANG_WARN_CONSTANT_CONVERSION = YES;
				CLANG_WARN_DIRECT_OBJC_ISA_USAGE = YES_ERROR;
				CLANG_WARN_DOCUMENTATION_COMMENTS = YES;
				CLANG_WARN_EMPTY_BODY = YES;
				CLANG_WARN_ENUM_CONVERSION = YES;
				CLANG_WARN_INT_CONVERSION = YES;
				CLANG_WARN_OBJC_ROOT_CLASS = YES_ERROR;
				CLANG_WARN_UNREACHABLE_CODE = YES;
				CLANG_WARN__DUPLICATE_METHOD_MATCH = YES;
				"CODE_SIGN_IDENTITY[sdk=iphoneos*]" = "iPhone Developer";
				COPY_PHASE_STRIP = NO;
				DEBUG_INFORMATION_FORMAT = "dwarf-with-dsym";
				ENABLE_NS_ASSERTIONS = NO;
				ENABLE_STRICT_OBJC_MSGSEND = YES;
				GCC_C_LANGUAGE_STANDARD = gnu99;
				GCC_NO_COMMON_BLOCKS = YES;
				GCC_WARN_64_TO_32_BIT_CONVERSION = YES;
				GCC_WARN_ABOUT_RETURN_TYPE = YES_ERROR;
				GCC_WARN_UNDECLARED_SELECTOR = YES;
				GCC_WARN_UNINITIALIZED_AUTOS = YES_AGGRESSIVE;
				GCC_WARN_UNUSED_FUNCTION = YES;
				GCC_WARN_UNUSED_VARIABLE = YES;
				IPHONEOS_DEPLOYMENT_TARGET = 9.3;
				MTL_ENABLE_DEBUG_INFO = NO;
				SDKROOT = iphoneos;
				SWIFT_OPTIMIZATION_LEVEL = "-Owholemodule";
				VALIDATE_PRODUCT = YES;
			};
			name = Release;
		};
		C818423D1D184F4100B8BE01 /* Debug */ = {
			isa = XCBuildConfiguration;
			buildSettings = {
				ASSETCATALOG_COMPILER_APPICON_NAME = AppIcon;
				INFOPLIST_FILE = CleanNote/Info.plist;
				LD_RUNPATH_SEARCH_PATHS = "$(inherited) @executable_path/Frameworks";
				PRODUCT_BUNDLE_IDENTIFIER = io.cutting.CleanNote;
				PRODUCT_NAME = "$(TARGET_NAME)";
				SWIFT_VERSION = 3.0;
			};
			name = Debug;
		};
		C818423E1D184F4100B8BE01 /* Release */ = {
			isa = XCBuildConfiguration;
			buildSettings = {
				ASSETCATALOG_COMPILER_APPICON_NAME = AppIcon;
				INFOPLIST_FILE = CleanNote/Info.plist;
				LD_RUNPATH_SEARCH_PATHS = "$(inherited) @executable_path/Frameworks";
				PRODUCT_BUNDLE_IDENTIFIER = io.cutting.CleanNote;
				PRODUCT_NAME = "$(TARGET_NAME)";
				SWIFT_VERSION = 3.0;
			};
			name = Release;
		};
		C81842401D184F4100B8BE01 /* Debug */ = {
			isa = XCBuildConfiguration;
			buildSettings = {
				BUNDLE_LOADER = "$(TEST_HOST)";
				INFOPLIST_FILE = CleanNoteTests/Info.plist;
				LD_RUNPATH_SEARCH_PATHS = "$(inherited) @executable_path/Frameworks @loader_path/Frameworks";
				PRODUCT_BUNDLE_IDENTIFIER = io.cutting.CleanNoteTests;
				PRODUCT_NAME = "$(TARGET_NAME)";
				SWIFT_VERSION = 3.0;
				TEST_HOST = "$(BUILT_PRODUCTS_DIR)/CleanNote.app/CleanNote";
			};
			name = Debug;
		};
		C81842411D184F4100B8BE01 /* Release */ = {
			isa = XCBuildConfiguration;
			buildSettings = {
				BUNDLE_LOADER = "$(TEST_HOST)";
				INFOPLIST_FILE = CleanNoteTests/Info.plist;
				LD_RUNPATH_SEARCH_PATHS = "$(inherited) @executable_path/Frameworks @loader_path/Frameworks";
				PRODUCT_BUNDLE_IDENTIFIER = io.cutting.CleanNoteTests;
				PRODUCT_NAME = "$(TARGET_NAME)";
				SWIFT_VERSION = 3.0;
				TEST_HOST = "$(BUILT_PRODUCTS_DIR)/CleanNote.app/CleanNote";
			};
			name = Release;
		};
/* End XCBuildConfiguration section */

/* Begin XCConfigurationList section */
		C818421A1D184F4100B8BE01 /* Build configuration list for PBXProject "CleanNote" */ = {
			isa = XCConfigurationList;
			buildConfigurations = (
				C818423A1D184F4100B8BE01 /* Debug */,
				C818423B1D184F4100B8BE01 /* Release */,
			);
			defaultConfigurationIsVisible = 0;
			defaultConfigurationName = Release;
		};
		C818423C1D184F4100B8BE01 /* Build configuration list for PBXNativeTarget "CleanNote" */ = {
			isa = XCConfigurationList;
			buildConfigurations = (
				C818423D1D184F4100B8BE01 /* Debug */,
				C818423E1D184F4100B8BE01 /* Release */,
			);
			defaultConfigurationIsVisible = 0;
			defaultConfigurationName = Release;
		};
		C818423F1D184F4100B8BE01 /* Build configuration list for PBXNativeTarget "CleanNoteTests" */ = {
			isa = XCConfigurationList;
			buildConfigurations = (
				C81842401D184F4100B8BE01 /* Debug */,
				C81842411D184F4100B8BE01 /* Release */,
			);
			defaultConfigurationIsVisible = 0;
			defaultConfigurationName = Release;
		};
/* End XCConfigurationList section */
	};
	rootObject = C81842171D184F4100B8BE01 /* Project object */;
}
