// !$*UTF8*$!
{
	archiveVersion = 1;
	classes = {
	};
	objectVersion = 46;
	objects = {

/* Begin PBXBuildFile section */
		C83BAD4A1D48E9CA00180193 /* Main.storyboard in Resources */ = {isa = PBXBuildFile; fileRef = C83BAD481D48E9CA00180193 /* Main.storyboard */; };
		C83BAD4C1D48E9CA00180193 /* Assets.xcassets in Resources */ = {isa = PBXBuildFile; fileRef = C83BAD4B1D48E9CA00180193 /* Assets.xcassets */; };
		C83BAD4F1D48E9CA00180193 /* LaunchScreen.storyboard in Resources */ = {isa = PBXBuildFile; fileRef = C83BAD4D1D48E9CA00180193 /* LaunchScreen.storyboard */; };
		C8DE88411D49187900D8D8AE /* CleanNoteCore.framework in Embed Frameworks */ = {isa = PBXBuildFile; fileRef = C8DE883C1D49186600D8D8AE /* CleanNoteCore.framework */; settings = {ATTRIBUTES = (CodeSignOnCopy, RemoveHeadersOnCopy, ); }; };
		C8DF78BC1D4905770070D75A /* AppDelegate.swift in Sources */ = {isa = PBXBuildFile; fileRef = C8DF78B61D4905770070D75A /* AppDelegate.swift */; };
		C8DF78BD1D4905770070D75A /* EditorViewController.swift in Sources */ = {isa = PBXBuildFile; fileRef = C8DF78B71D4905770070D75A /* EditorViewController.swift */; };
		C8DF78BE1D4905770070D75A /* EditorWireframe.swift in Sources */ = {isa = PBXBuildFile; fileRef = C8DF78B81D4905770070D75A /* EditorWireframe.swift */; };
		C8DF78BF1D4905770070D75A /* ListViewController.swift in Sources */ = {isa = PBXBuildFile; fileRef = C8DF78B91D4905770070D75A /* ListViewController.swift */; };
		C8DF78C01D4905770070D75A /* ListWireframe.swift in Sources */ = {isa = PBXBuildFile; fileRef = C8DF78BA1D4905770070D75A /* ListWireframe.swift */; };
		C8DF78C11D4905770070D75A /* RootWireframe.swift in Sources */ = {isa = PBXBuildFile; fileRef = C8DF78BB1D4905770070D75A /* RootWireframe.swift */; };
		C8DF78C91D4905810070D75A /* EditorViewControllerTests.swift in Sources */ = {isa = PBXBuildFile; fileRef = C8DF78C31D4905810070D75A /* EditorViewControllerTests.swift */; };
		C8DF78CA1D4905810070D75A /* ListViewControllerTests.swift in Sources */ = {isa = PBXBuildFile; fileRef = C8DF78C41D4905810070D75A /* ListViewControllerTests.swift */; };
		C8DF78CB1D4905810070D75A /* MockEditorWireframe.swift in Sources */ = {isa = PBXBuildFile; fileRef = C8DF78C51D4905810070D75A /* MockEditorWireframe.swift */; };
		C8DF78CC1D4905810070D75A /* MockTableView.swift in Sources */ = {isa = PBXBuildFile; fileRef = C8DF78C61D4905810070D75A /* MockTableView.swift */; };
		C8DF78CD1D4905810070D75A /* MockTextView.swift in Sources */ = {isa = PBXBuildFile; fileRef = C8DF78C71D4905810070D75A /* MockTextView.swift */; };
		C8DF78CE1D4905810070D75A /* TestableEditorViewController.swift in Sources */ = {isa = PBXBuildFile; fileRef = C8DF78C81D4905810070D75A /* TestableEditorViewController.swift */; };
/* End PBXBuildFile section */

/* Begin PBXContainerItemProxy section */
		C83BAD561D48E9CA00180193 /* PBXContainerItemProxy */ = {
			isa = PBXContainerItemProxy;
			containerPortal = C83BAD391D48E9CA00180193 /* Project object */;
			proxyType = 1;
			remoteGlobalIDString = C83BAD401D48E9CA00180193;
			remoteInfo = CleanNoteiOS;
		};
		C8DE883B1D49186600D8D8AE /* PBXContainerItemProxy */ = {
			isa = PBXContainerItemProxy;
			containerPortal = C8DE88361D49186600D8D8AE /* CleanNoteCore.xcodeproj */;
			proxyType = 2;
			remoteGlobalIDString = C83BAD1E1D48E9A200180193;
			remoteInfo = CleanNoteCore;
		};
		C8DE883D1D49186600D8D8AE /* PBXContainerItemProxy */ = {
			isa = PBXContainerItemProxy;
			containerPortal = C8DE88361D49186600D8D8AE /* CleanNoteCore.xcodeproj */;
			proxyType = 2;
			remoteGlobalIDString = C83BAD271D48E9A200180193;
			remoteInfo = CleanNoteCoreTests;
		};
		C8DE883F1D49186B00D8D8AE /* PBXContainerItemProxy */ = {
			isa = PBXContainerItemProxy;
			containerPortal = C8DE88361D49186600D8D8AE /* CleanNoteCore.xcodeproj */;
			proxyType = 1;
			remoteGlobalIDString = C83BAD1D1D48E9A200180193;
			remoteInfo = CleanNoteCore;
		};
/* End PBXContainerItemProxy section */

/* Begin PBXCopyFilesBuildPhase section */
		C8DF78DB1D49095C0070D75A /* Embed Frameworks */ = {
			isa = PBXCopyFilesBuildPhase;
			buildActionMask = 2147483647;
			dstPath = "";
			dstSubfolderSpec = 10;
			files = (
				C8DE88411D49187900D8D8AE /* CleanNoteCore.framework in Embed Frameworks */,
			);
			name = "Embed Frameworks";
			runOnlyForDeploymentPostprocessing = 0;
		};
/* End PBXCopyFilesBuildPhase section */

/* Begin PBXFileReference section */
		C83BAD411D48E9CA00180193 /* CleanNote.app */ = {isa = PBXFileReference; explicitFileType = wrapper.application; includeInIndex = 0; path = CleanNote.app; sourceTree = BUILT_PRODUCTS_DIR; };
		C83BAD491D48E9CA00180193 /* Base */ = {isa = PBXFileReference; lastKnownFileType = file.storyboard; name = Base; path = Base.lproj/Main.storyboard; sourceTree = "<group>"; };
		C83BAD4B1D48E9CA00180193 /* Assets.xcassets */ = {isa = PBXFileReference; lastKnownFileType = folder.assetcatalog; path = Assets.xcassets; sourceTree = "<group>"; };
		C83BAD4E1D48E9CA00180193 /* Base */ = {isa = PBXFileReference; lastKnownFileType = file.storyboard; name = Base; path = Base.lproj/LaunchScreen.storyboard; sourceTree = "<group>"; };
		C83BAD501D48E9CA00180193 /* Info.plist */ = {isa = PBXFileReference; lastKnownFileType = text.plist.xml; name = Info.plist; path = CleanNoteiOS/Info.plist; sourceTree = "<group>"; };
		C83BAD551D48E9CA00180193 /* CleanNoteiOSTests.xctest */ = {isa = PBXFileReference; explicitFileType = wrapper.cfbundle; includeInIndex = 0; path = CleanNoteiOSTests.xctest; sourceTree = BUILT_PRODUCTS_DIR; };
		C83BAD5B1D48E9CA00180193 /* Info.plist */ = {isa = PBXFileReference; lastKnownFileType = text.plist.xml; name = Info.plist; path = CleanNoteiOSTests/Info.plist; sourceTree = "<group>"; };
		C8DE88361D49186600D8D8AE /* CleanNoteCore.xcodeproj */ = {isa = PBXFileReference; lastKnownFileType = "wrapper.pb-project"; name = CleanNoteCore.xcodeproj; path = ../CleanNoteCore/CleanNoteCore.xcodeproj; sourceTree = "<group>"; };
		C8DF78B61D4905770070D75A /* AppDelegate.swift */ = {isa = PBXFileReference; fileEncoding = 4; lastKnownFileType = sourcecode.swift; path = AppDelegate.swift; sourceTree = "<group>"; };
		C8DF78B71D4905770070D75A /* EditorViewController.swift */ = {isa = PBXFileReference; fileEncoding = 4; lastKnownFileType = sourcecode.swift; path = EditorViewController.swift; sourceTree = "<group>"; };
		C8DF78B81D4905770070D75A /* EditorWireframe.swift */ = {isa = PBXFileReference; fileEncoding = 4; lastKnownFileType = sourcecode.swift; path = EditorWireframe.swift; sourceTree = "<group>"; };
		C8DF78B91D4905770070D75A /* ListViewController.swift */ = {isa = PBXFileReference; fileEncoding = 4; lastKnownFileType = sourcecode.swift; path = ListViewController.swift; sourceTree = "<group>"; };
		C8DF78BA1D4905770070D75A /* ListWireframe.swift */ = {isa = PBXFileReference; fileEncoding = 4; lastKnownFileType = sourcecode.swift; path = ListWireframe.swift; sourceTree = "<group>"; };
		C8DF78BB1D4905770070D75A /* RootWireframe.swift */ = {isa = PBXFileReference; fileEncoding = 4; lastKnownFileType = sourcecode.swift; path = RootWireframe.swift; sourceTree = "<group>"; };
		C8DF78C31D4905810070D75A /* EditorViewControllerTests.swift */ = {isa = PBXFileReference; fileEncoding = 4; lastKnownFileType = sourcecode.swift; name = EditorViewControllerTests.swift; path = ../../CleanNoteiOSTests/Code/EditorViewControllerTests.swift; sourceTree = "<group>"; };
		C8DF78C41D4905810070D75A /* ListViewControllerTests.swift */ = {isa = PBXFileReference; fileEncoding = 4; lastKnownFileType = sourcecode.swift; name = ListViewControllerTests.swift; path = ../../CleanNoteiOSTests/Code/ListViewControllerTests.swift; sourceTree = "<group>"; };
		C8DF78C51D4905810070D75A /* MockEditorWireframe.swift */ = {isa = PBXFileReference; fileEncoding = 4; lastKnownFileType = sourcecode.swift; name = MockEditorWireframe.swift; path = ../../CleanNoteiOSTests/Code/MockEditorWireframe.swift; sourceTree = "<group>"; };
		C8DF78C61D4905810070D75A /* MockTableView.swift */ = {isa = PBXFileReference; fileEncoding = 4; lastKnownFileType = sourcecode.swift; path = MockTableView.swift; sourceTree = "<group>"; };
		C8DF78C71D4905810070D75A /* MockTextView.swift */ = {isa = PBXFileReference; fileEncoding = 4; lastKnownFileType = sourcecode.swift; path = MockTextView.swift; sourceTree = "<group>"; };
		C8DF78C81D4905810070D75A /* TestableEditorViewController.swift */ = {isa = PBXFileReference; fileEncoding = 4; lastKnownFileType = sourcecode.swift; name = TestableEditorViewController.swift; path = ../../CleanNoteiOSTests/Code/TestableEditorViewController.swift; sourceTree = "<group>"; };
/* End PBXFileReference section */

/* Begin PBXFrameworksBuildPhase section */
		C83BAD3E1D48E9CA00180193 /* Frameworks */ = {
			isa = PBXFrameworksBuildPhase;
			buildActionMask = 2147483647;
			files = (
			);
			runOnlyForDeploymentPostprocessing = 0;
		};
		C83BAD521D48E9CA00180193 /* Frameworks */ = {
			isa = PBXFrameworksBuildPhase;
			buildActionMask = 2147483647;
			files = (
			);
			runOnlyForDeploymentPostprocessing = 0;
		};
/* End PBXFrameworksBuildPhase section */

/* Begin PBXGroup section */
		C83BAD381D48E9CA00180193 = {
			isa = PBXGroup;
			children = (
				C8DF78E11D490A1B0070D75A /* Boilerplate */,
				C8DF78E21D490A3D0070D75A /* UI */,
				C8DF78B51D4905770070D75A /* Modules */,
				C8DF78C21D4905810070D75A /* Mocks */,
				C83BAD421D48E9CA00180193 /* Products */,
			);
			sourceTree = "<group>";
		};
		C83BAD421D48E9CA00180193 /* Products */ = {
			isa = PBXGroup;
			children = (
				C83BAD411D48E9CA00180193 /* CleanNote.app */,
				C83BAD551D48E9CA00180193 /* CleanNoteiOSTests.xctest */,
			);
			name = Products;
			sourceTree = "<group>";
		};
		C8DE88371D49186600D8D8AE /* Products */ = {
			isa = PBXGroup;
			children = (
				C8DE883C1D49186600D8D8AE /* CleanNoteCore.framework */,
				C8DE883E1D49186600D8D8AE /* CleanNoteCoreTests.xctest */,
			);
			name = Products;
			sourceTree = "<group>";
		};
		C8DF78B51D4905770070D75A /* Modules */ = {
			isa = PBXGroup;
			children = (
				C8DF78E51D490A620070D75A /* Root */,
				C8DF78E41D490A550070D75A /* List */,
				C8DF78E31D490A500070D75A /* Editor */,
			);
			name = Modules;
			path = CleanNoteiOS/Code;
			sourceTree = "<group>";
		};
		C8DF78C21D4905810070D75A /* Mocks */ = {
			isa = PBXGroup;
			children = (
				C8DF78C61D4905810070D75A /* MockTableView.swift */,
				C8DF78C71D4905810070D75A /* MockTextView.swift */,
			);
			name = Mocks;
			path = CleanNoteiOSTests/Code;
			sourceTree = "<group>";
		};
		C8DF78E11D490A1B0070D75A /* Boilerplate */ = {
			isa = PBXGroup;
			children = (
				C83BAD4D1D48E9CA00180193 /* LaunchScreen.storyboard */,
				C83BAD501D48E9CA00180193 /* Info.plist */,
				C83BAD5B1D48E9CA00180193 /* Info.plist */,
				C8DE88361D49186600D8D8AE /* CleanNoteCore.xcodeproj */,
			);
			name = Boilerplate;
			sourceTree = "<group>";
		};
		C8DF78E21D490A3D0070D75A /* UI */ = {
			isa = PBXGroup;
			children = (
				C83BAD481D48E9CA00180193 /* Main.storyboard */,
				C83BAD4B1D48E9CA00180193 /* Assets.xcassets */,
			);
			name = UI;
			path = CleanNoteiOS;
			sourceTree = "<group>";
		};
		C8DF78E31D490A500070D75A /* Editor */ = {
			isa = PBXGroup;
			children = (
				C8DF78B71D4905770070D75A /* EditorViewController.swift */,
				C8DF78B81D4905770070D75A /* EditorWireframe.swift */,
				C8DF78C51D4905810070D75A /* MockEditorWireframe.swift */,
				C8DF78C31D4905810070D75A /* EditorViewControllerTests.swift */,
				C8DF78C81D4905810070D75A /* TestableEditorViewController.swift */,
			);
			name = Editor;
			sourceTree = "<group>";
		};
		C8DF78E41D490A550070D75A /* List */ = {
			isa = PBXGroup;
			children = (
				C8DF78B91D4905770070D75A /* ListViewController.swift */,
				C8DF78BA1D4905770070D75A /* ListWireframe.swift */,
				C8DF78C41D4905810070D75A /* ListViewControllerTests.swift */,
			);
			name = List;
			sourceTree = "<group>";
		};
		C8DF78E51D490A620070D75A /* Root */ = {
			isa = PBXGroup;
			children = (
				C8DF78B61D4905770070D75A /* AppDelegate.swift */,
				C8DF78BB1D4905770070D75A /* RootWireframe.swift */,
			);
			name = Root;
			sourceTree = "<group>";
		};
/* End PBXGroup section */

/* Begin PBXNativeTarget section */
		C83BAD401D48E9CA00180193 /* CleanNoteiOS */ = {
			isa = PBXNativeTarget;
			buildConfigurationList = C83BAD5E1D48E9CA00180193 /* Build configuration list for PBXNativeTarget "CleanNoteiOS" */;
			buildPhases = (
				C83BAD3D1D48E9CA00180193 /* Sources */,
				C83BAD3E1D48E9CA00180193 /* Frameworks */,
				C83BAD3F1D48E9CA00180193 /* Resources */,
				C8DF78DB1D49095C0070D75A /* Embed Frameworks */,
			);
			buildRules = (
			);
			dependencies = (
				C8DE88401D49186B00D8D8AE /* PBXTargetDependency */,
			);
			name = CleanNoteiOS;
			productName = CleanNoteiOS;
			productReference = C83BAD411D48E9CA00180193 /* CleanNote.app */;
			productType = "com.apple.product-type.application";
		};
		C83BAD541D48E9CA00180193 /* CleanNoteiOSTests */ = {
			isa = PBXNativeTarget;
			buildConfigurationList = C83BAD611D48E9CA00180193 /* Build configuration list for PBXNativeTarget "CleanNoteiOSTests" */;
			buildPhases = (
				C83BAD511D48E9CA00180193 /* Sources */,
				C83BAD521D48E9CA00180193 /* Frameworks */,
				C83BAD531D48E9CA00180193 /* Resources */,
			);
			buildRules = (
			);
			dependencies = (
				C83BAD571D48E9CA00180193 /* PBXTargetDependency */,
			);
			name = CleanNoteiOSTests;
			productName = CleanNoteiOSTests;
			productReference = C83BAD551D48E9CA00180193 /* CleanNoteiOSTests.xctest */;
			productType = "com.apple.product-type.bundle.unit-test";
		};
/* End PBXNativeTarget section */

/* Begin PBXProject section */
		C83BAD391D48E9CA00180193 /* Project object */ = {
			isa = PBXProject;
			attributes = {
				LastSwiftUpdateCheck = 0800;
				LastUpgradeCheck = 0800;
				ORGANIZATIONNAME = cutting.io;
				TargetAttributes = {
					C83BAD401D48E9CA00180193 = {
						CreatedOnToolsVersion = 8.0;
						DevelopmentTeam = 59GEB226V7;
						DevelopmentTeamName = "Dan Cutting (Personal Team)";
						ProvisioningStyle = Automatic;
					};
					C83BAD541D48E9CA00180193 = {
						CreatedOnToolsVersion = 8.0;
						DevelopmentTeam = 59GEB226V7;
						DevelopmentTeamName = "Dan Cutting (Personal Team)";
						ProvisioningStyle = Automatic;
						TestTargetID = C83BAD401D48E9CA00180193;
					};
				};
			};
			buildConfigurationList = C83BAD3C1D48E9CA00180193 /* Build configuration list for PBXProject "CleanNoteiOS" */;
			compatibilityVersion = "Xcode 3.2";
			developmentRegion = English;
			hasScannedForEncodings = 0;
			knownRegions = (
				en,
				Base,
			);
			mainGroup = C83BAD381D48E9CA00180193;
			productRefGroup = C83BAD421D48E9CA00180193 /* Products */;
			projectDirPath = "";
			projectReferences = (
				{
					ProductGroup = C8DE88371D49186600D8D8AE /* Products */;
					ProjectRef = C8DE88361D49186600D8D8AE /* CleanNoteCore.xcodeproj */;
				},
			);
			projectRoot = "";
			targets = (
				C83BAD401D48E9CA00180193 /* CleanNoteiOS */,
				C83BAD541D48E9CA00180193 /* CleanNoteiOSTests */,
			);
		};
/* End PBXProject section */

/* Begin PBXReferenceProxy section */
		C8DE883C1D49186600D8D8AE /* CleanNoteCore.framework */ = {
			isa = PBXReferenceProxy;
			fileType = wrapper.framework;
			path = CleanNoteCore.framework;
			remoteRef = C8DE883B1D49186600D8D8AE /* PBXContainerItemProxy */;
			sourceTree = BUILT_PRODUCTS_DIR;
		};
		C8DE883E1D49186600D8D8AE /* CleanNoteCoreTests.xctest */ = {
			isa = PBXReferenceProxy;
			fileType = wrapper.cfbundle;
			path = CleanNoteCoreTests.xctest;
			remoteRef = C8DE883D1D49186600D8D8AE /* PBXContainerItemProxy */;
			sourceTree = BUILT_PRODUCTS_DIR;
		};
/* End PBXReferenceProxy section */

/* Begin PBXResourcesBuildPhase section */
		C83BAD3F1D48E9CA00180193 /* Resources */ = {
			isa = PBXResourcesBuildPhase;
			buildActionMask = 2147483647;
			files = (
				C83BAD4F1D48E9CA00180193 /* LaunchScreen.storyboard in Resources */,
				C83BAD4C1D48E9CA00180193 /* Assets.xcassets in Resources */,
				C83BAD4A1D48E9CA00180193 /* Main.storyboard in Resources */,
			);
			runOnlyForDeploymentPostprocessing = 0;
		};
		C83BAD531D48E9CA00180193 /* Resources */ = {
			isa = PBXResourcesBuildPhase;
			buildActionMask = 2147483647;
			files = (
			);
			runOnlyForDeploymentPostprocessing = 0;
		};
/* End PBXResourcesBuildPhase section */

/* Begin PBXSourcesBuildPhase section */
		C83BAD3D1D48E9CA00180193 /* Sources */ = {
			isa = PBXSourcesBuildPhase;
			buildActionMask = 2147483647;
			files = (
				C8DF78C01D4905770070D75A /* ListWireframe.swift in Sources */,
				C8DF78BC1D4905770070D75A /* AppDelegate.swift in Sources */,
				C8DF78C11D4905770070D75A /* RootWireframe.swift in Sources */,
				C8DF78BD1D4905770070D75A /* EditorViewController.swift in Sources */,
				C8DF78BF1D4905770070D75A /* ListViewController.swift in Sources */,
				C8DF78BE1D4905770070D75A /* EditorWireframe.swift in Sources */,
			);
			runOnlyForDeploymentPostprocessing = 0;
		};
		C83BAD511D48E9CA00180193 /* Sources */ = {
			isa = PBXSourcesBuildPhase;
			buildActionMask = 2147483647;
			files = (
				C8DF78CA1D4905810070D75A /* ListViewControllerTests.swift in Sources */,
				C8DF78C91D4905810070D75A /* EditorViewControllerTests.swift in Sources */,
				C8DF78CB1D4905810070D75A /* MockEditorWireframe.swift in Sources */,
				C8DF78CE1D4905810070D75A /* TestableEditorViewController.swift in Sources */,
				C8DF78CD1D4905810070D75A /* MockTextView.swift in Sources */,
				C8DF78CC1D4905810070D75A /* MockTableView.swift in Sources */,
			);
			runOnlyForDeploymentPostprocessing = 0;
		};
/* End PBXSourcesBuildPhase section */

/* Begin PBXTargetDependency section */
		C83BAD571D48E9CA00180193 /* PBXTargetDependency */ = {
			isa = PBXTargetDependency;
			target = C83BAD401D48E9CA00180193 /* CleanNoteiOS */;
			targetProxy = C83BAD561D48E9CA00180193 /* PBXContainerItemProxy */;
		};
		C8DE88401D49186B00D8D8AE /* PBXTargetDependency */ = {
			isa = PBXTargetDependency;
			name = CleanNoteCore;
			targetProxy = C8DE883F1D49186B00D8D8AE /* PBXContainerItemProxy */;
		};
/* End PBXTargetDependency section */

/* Begin PBXVariantGroup section */
		C83BAD481D48E9CA00180193 /* Main.storyboard */ = {
			isa = PBXVariantGroup;
			children = (
				C83BAD491D48E9CA00180193 /* Base */,
			);
			name = Main.storyboard;
			sourceTree = "<group>";
		};
		C83BAD4D1D48E9CA00180193 /* LaunchScreen.storyboard */ = {
			isa = PBXVariantGroup;
			children = (
				C83BAD4E1D48E9CA00180193 /* Base */,
			);
			name = LaunchScreen.storyboard;
			path = CleanNoteiOS;
			sourceTree = "<group>";
		};
/* End PBXVariantGroup section */

/* Begin XCBuildConfiguration section */
		C83BAD5C1D48E9CA00180193 /* Debug */ = {
			isa = XCBuildConfiguration;
			buildSettings = {
				ALWAYS_SEARCH_USER_PATHS = NO;
				CLANG_ANALYZER_NONNULL = YES;
				CLANG_CXX_LANGUAGE_STANDARD = "gnu++0x";
				CLANG_CXX_LIBRARY = "libc++";
				CLANG_ENABLE_MODULES = YES;
				CLANG_ENABLE_OBJC_ARC = YES;
				CLANG_WARN_BOOL_CONVERSION = YES;
				CLANG_WARN_CONSTANT_CONVERSION = YES;
				CLANG_WARN_DIRECT_OBJC_ISA_USAGE = YES_ERROR;
				CLANG_WARN_DOCUMENTATION_COMMENTS = YES;
				CLANG_WARN_EMPTY_BODY = YES;
				CLANG_WARN_ENUM_CONVERSION = YES;
				CLANG_WARN_INT_CONVERSION = YES;
				CLANG_WARN_OBJC_ROOT_CLASS = YES_ERROR;
				CLANG_WARN_UNREACHABLE_CODE = YES;
				CLANG_WARN__DUPLICATE_METHOD_MATCH = YES;
				"CODE_SIGN_IDENTITY[sdk=iphoneos*]" = "iPhone Developer";
				COPY_PHASE_STRIP = NO;
				DEBUG_INFORMATION_FORMAT = dwarf;
				ENABLE_STRICT_OBJC_MSGSEND = YES;
				ENABLE_TESTABILITY = YES;
				GCC_C_LANGUAGE_STANDARD = gnu99;
				GCC_DYNAMIC_NO_PIC = NO;
				GCC_NO_COMMON_BLOCKS = YES;
				GCC_OPTIMIZATION_LEVEL = 0;
				GCC_PREPROCESSOR_DEFINITIONS = (
					"DEBUG=1",
					"$(inherited)",
				);
				GCC_WARN_64_TO_32_BIT_CONVERSION = YES;
				GCC_WARN_ABOUT_RETURN_TYPE = YES_ERROR;
				GCC_WARN_UNDECLARED_SELECTOR = YES;
				GCC_WARN_UNINITIALIZED_AUTOS = YES_AGGRESSIVE;
				GCC_WARN_UNUSED_FUNCTION = YES;
				GCC_WARN_UNUSED_VARIABLE = YES;
				IPHONEOS_DEPLOYMENT_TARGET = 10.0;
				MTL_ENABLE_DEBUG_INFO = YES;
				ONLY_ACTIVE_ARCH = YES;
				SDKROOT = iphoneos;
				SWIFT_ACTIVE_COMPILATION_CONDITIONS = DEBUG;
				SWIFT_OPTIMIZATION_LEVEL = "-Onone";
				TARGETED_DEVICE_FAMILY = "1,2";
			};
			name = Debug;
		};
		C83BAD5D1D48E9CA00180193 /* Release */ = {
			isa = XCBuildConfiguration;
			buildSettings = {
				ALWAYS_SEARCH_USER_PATHS = NO;
				CLANG_ANALYZER_NONNULL = YES;
				CLANG_CXX_LANGUAGE_STANDARD = "gnu++0x";
				CLANG_CXX_LIBRARY = "libc++";
				CLANG_ENABLE_MODULES = YES;
				CLANG_ENABLE_OBJC_ARC = YES;
				CLANG_WARN_BOOL_CONVERSION = YES;
				CLANG_WARN_CONSTANT_CONVERSION = YES;
				CLANG_WARN_DIRECT_OBJC_ISA_USAGE = YES_ERROR;
				CLANG_WARN_DOCUMENTATION_COMMENTS = YES;
				CLANG_WARN_EMPTY_BODY = YES;
				CLANG_WARN_ENUM_CONVERSION = YES;
				CLANG_WARN_INT_CONVERSION = YES;
				CLANG_WARN_OBJC_ROOT_CLASS = YES_ERROR;
				CLANG_WARN_UNREACHABLE_CODE = YES;
				CLANG_WARN__DUPLICATE_METHOD_MATCH = YES;
				"CODE_SIGN_IDENTITY[sdk=iphoneos*]" = "iPhone Developer";
				COPY_PHASE_STRIP = NO;
				DEBUG_INFORMATION_FORMAT = "dwarf-with-dsym";
				ENABLE_NS_ASSERTIONS = NO;
				ENABLE_STRICT_OBJC_MSGSEND = YES;
				GCC_C_LANGUAGE_STANDARD = gnu99;
				GCC_NO_COMMON_BLOCKS = YES;
				GCC_WARN_64_TO_32_BIT_CONVERSION = YES;
				GCC_WARN_ABOUT_RETURN_TYPE = YES_ERROR;
				GCC_WARN_UNDECLARED_SELECTOR = YES;
				GCC_WARN_UNINITIALIZED_AUTOS = YES_AGGRESSIVE;
				GCC_WARN_UNUSED_FUNCTION = YES;
				GCC_WARN_UNUSED_VARIABLE = YES;
				IPHONEOS_DEPLOYMENT_TARGET = 10.0;
				MTL_ENABLE_DEBUG_INFO = NO;
				SDKROOT = iphoneos;
				SWIFT_OPTIMIZATION_LEVEL = "-Owholemodule";
				TARGETED_DEVICE_FAMILY = "1,2";
				VALIDATE_PRODUCT = YES;
			};
			name = Release;
		};
		C83BAD5F1D48E9CA00180193 /* Debug */ = {
			isa = XCBuildConfiguration;
			buildSettings = {
				ASSETCATALOG_COMPILER_APPICON_NAME = AppIcon;
				INFOPLIST_FILE = CleanNoteiOS/Info.plist;
				LD_RUNPATH_SEARCH_PATHS = "$(inherited) @executable_path/Frameworks";
				PRODUCT_BUNDLE_IDENTIFIER = io.cutting.CleanNoteiOS;
				PRODUCT_MODULE_NAME = CleanNoteiOS;
				PRODUCT_NAME = CleanNote;
				SWIFT_VERSION = 3.0;
			};
			name = Debug;
		};
		C83BAD601D48E9CA00180193 /* Release */ = {
			isa = XCBuildConfiguration;
			buildSettings = {
				ASSETCATALOG_COMPILER_APPICON_NAME = AppIcon;
				INFOPLIST_FILE = CleanNoteiOS/Info.plist;
				LD_RUNPATH_SEARCH_PATHS = "$(inherited) @executable_path/Frameworks";
				PRODUCT_BUNDLE_IDENTIFIER = io.cutting.CleanNoteiOS;
				PRODUCT_MODULE_NAME = CleanNoteiOS;
				PRODUCT_NAME = CleanNote;
				SWIFT_VERSION = 3.0;
			};
			name = Release;
		};
		C83BAD621D48E9CA00180193 /* Debug */ = {
			isa = XCBuildConfiguration;
			buildSettings = {
				BUNDLE_LOADER = "$(TEST_HOST)";
				INFOPLIST_FILE = CleanNoteiOSTests/Info.plist;
				LD_RUNPATH_SEARCH_PATHS = "$(inherited) @executable_path/Frameworks @loader_path/Frameworks";
				PRODUCT_BUNDLE_IDENTIFIER = io.cutting.CleanNoteiOSTests;
				PRODUCT_NAME = "$(TARGET_NAME)";
				SWIFT_VERSION = 3.0;
				TEST_HOST = "$(BUILT_PRODUCTS_DIR)/CleanNote.app/CleanNote";
			};
			name = Debug;
		};
		C83BAD631D48E9CA00180193 /* Release */ = {
			isa = XCBuildConfiguration;
			buildSettings = {
				BUNDLE_LOADER = "$(TEST_HOST)";
				INFOPLIST_FILE = CleanNoteiOSTests/Info.plist;
				LD_RUNPATH_SEARCH_PATHS = "$(inherited) @executable_path/Frameworks @loader_path/Frameworks";
				PRODUCT_BUNDLE_IDENTIFIER = io.cutting.CleanNoteiOSTests;
				PRODUCT_NAME = "$(TARGET_NAME)";
				SWIFT_VERSION = 3.0;
				TEST_HOST = "$(BUILT_PRODUCTS_DIR)/CleanNote.app/CleanNote";
			};
			name = Release;
		};
/* End XCBuildConfiguration section */

/* Begin XCConfigurationList section */
		C83BAD3C1D48E9CA00180193 /* Build configuration list for PBXProject "CleanNoteiOS" */ = {
			isa = XCConfigurationList;
			buildConfigurations = (
				C83BAD5C1D48E9CA00180193 /* Debug */,
				C83BAD5D1D48E9CA00180193 /* Release */,
			);
			defaultConfigurationIsVisible = 0;
			defaultConfigurationName = Release;
		};
		C83BAD5E1D48E9CA00180193 /* Build configuration list for PBXNativeTarget "CleanNoteiOS" */ = {
			isa = XCConfigurationList;
			buildConfigurations = (
				C83BAD5F1D48E9CA00180193 /* Debug */,
				C83BAD601D48E9CA00180193 /* Release */,
			);
			defaultConfigurationIsVisible = 0;
			defaultConfigurationName = Release;
		};
		C83BAD611D48E9CA00180193 /* Build configuration list for PBXNativeTarget "CleanNoteiOSTests" */ = {
			isa = XCConfigurationList;
			buildConfigurations = (
				C83BAD621D48E9CA00180193 /* Debug */,
				C83BAD631D48E9CA00180193 /* Release */,
			);
			defaultConfigurationIsVisible = 0;
			defaultConfigurationName = Release;
		};
/* End XCConfigurationList section */
	};
	rootObject = C83BAD391D48E9CA00180193 /* Project object */;
}
